// !$*UTF8*$!
{
	archiveVersion = 1;
	classes = {
	};
	objectVersion = 46;
	objects = {

/* Begin PBXBuildFile section */
		4914826D1EC0D9E800F1C9A2 /* ButtonTestScreen.swift in Sources */ = {isa = PBXBuildFile; fileRef = 4914826C1EC0D9E800F1C9A2 /* ButtonTestScreen.swift */; };
		4914829D1EC1D00F00F1C9A2 /* CreateStorage.swift in Sources */ = {isa = PBXBuildFile; fileRef = 4914827F1EC1D00F00F1C9A2 /* CreateStorage.swift */; };
		4914829E1EC1D00F00F1C9A2 /* GetUIndex.swift in Sources */ = {isa = PBXBuildFile; fileRef = 491482801EC1D00F00F1C9A2 /* GetUIndex.swift */; };
		4914829F1EC1D00F00F1C9A2 /* RandomChoose.swift in Sources */ = {isa = PBXBuildFile; fileRef = 491482811EC1D00F00F1C9A2 /* RandomChoose.swift */; };
		491482A01EC1D00F00F1C9A2 /* StringAdapter.swift in Sources */ = {isa = PBXBuildFile; fileRef = 491482821EC1D00F00F1C9A2 /* StringAdapter.swift */; };
		491482A11EC1D00F00F1C9A2 /* CentralManagerDelegate.swift in Sources */ = {isa = PBXBuildFile; fileRef = 491482851EC1D00F00F1C9A2 /* CentralManagerDelegate.swift */; };
		491482A21EC1D00F00F1C9A2 /* CentralManagerPro.swift in Sources */ = {isa = PBXBuildFile; fileRef = 491482861EC1D00F00F1C9A2 /* CentralManagerPro.swift */; };
		491482A31EC1D00F00F1C9A2 /* PeripheralPro.swift in Sources */ = {isa = PBXBuildFile; fileRef = 491482871EC1D00F00F1C9A2 /* PeripheralPro.swift */; };
		491482A41EC1D00F00F1C9A2 /* PeripheralManagerPro.swift in Sources */ = {isa = PBXBuildFile; fileRef = 491482891EC1D00F00F1C9A2 /* PeripheralManagerPro.swift */; };
		491482A51EC1D00F00F1C9A2 /* Atoms.swift in Sources */ = {isa = PBXBuildFile; fileRef = 4914828B1EC1D00F00F1C9A2 /* Atoms.swift */; };
		491482A61EC1D00F00F1C9A2 /* AutoBattle.swift in Sources */ = {isa = PBXBuildFile; fileRef = 4914828C1EC1D00F00F1C9A2 /* AutoBattle.swift */; };
		491482A71EC1D00F00F1C9A2 /* CardIdentifiable.swift in Sources */ = {isa = PBXBuildFile; fileRef = 4914828D1EC1D00F00F1C9A2 /* CardIdentifiable.swift */; };
		491482A81EC1D00F00F1C9A2 /* Competitive.swift in Sources */ = {isa = PBXBuildFile; fileRef = 4914828E1EC1D00F00F1C9A2 /* Competitive.swift */; };
		491482A91EC1D00F00F1C9A2 /* ExCALayer.swift in Sources */ = {isa = PBXBuildFile; fileRef = 4914828F1EC1D00F00F1C9A2 /* ExCALayer.swift */; };
		491482AA1EC1D00F00F1C9A2 /* ExString.swift in Sources */ = {isa = PBXBuildFile; fileRef = 491482901EC1D00F00F1C9A2 /* ExString.swift */; };
		491482AB1EC1D00F00F1C9A2 /* LayerSet.swift in Sources */ = {isa = PBXBuildFile; fileRef = 491482911EC1D00F00F1C9A2 /* LayerSet.swift */; };
		491482AC1EC1D00F00F1C9A2 /* Stoppable.swift in Sources */ = {isa = PBXBuildFile; fileRef = 491482921EC1D00F00F1C9A2 /* Stoppable.swift */; };
		491482AD1EC1D00F00F1C9A2 /* UserIdentifiable.swift in Sources */ = {isa = PBXBuildFile; fileRef = 491482931EC1D00F00F1C9A2 /* UserIdentifiable.swift */; };
		491482AF1EC1D00F00F1C9A2 /* Atom.swift in Sources */ = {isa = PBXBuildFile; fileRef = 491482961EC1D00F00F1C9A2 /* Atom.swift */; };
		491482B01EC1D00F00F1C9A2 /* AtomColor.swift in Sources */ = {isa = PBXBuildFile; fileRef = 491482971EC1D00F00F1C9A2 /* AtomColor.swift */; };
		491482B11EC1D00F00F1C9A2 /* BattleCharInformation.swift in Sources */ = {isa = PBXBuildFile; fileRef = 491482981EC1D00F00F1C9A2 /* BattleCharInformation.swift */; };
		491482B21EC1D00F00F1C9A2 /* Card.swift in Sources */ = {isa = PBXBuildFile; fileRef = 491482991EC1D00F00F1C9A2 /* Card.swift */; };
		491482B31EC1D00F00F1C9A2 /* Difficulty.swift in Sources */ = {isa = PBXBuildFile; fileRef = 4914829A1EC1D00F00F1C9A2 /* Difficulty.swift */; };
		491482B41EC1D00F00F1C9A2 /* StringType.swift in Sources */ = {isa = PBXBuildFile; fileRef = 4914829B1EC1D00F00F1C9A2 /* StringType.swift */; };
		499219281EBA1BF600610ED4 /* PlayScreen.swift in Sources */ = {isa = PBXBuildFile; fileRef = 499219271EBA1BF600610ED4 /* PlayScreen.swift */; };
		49AED08B1EB39AE300E1BF44 /* AppDelegate.swift in Sources */ = {isa = PBXBuildFile; fileRef = 49AED08A1EB39AE300E1BF44 /* AppDelegate.swift */; };
		49AED08D1EB39AE300E1BF44 /* FirstViewController.swift in Sources */ = {isa = PBXBuildFile; fileRef = 49AED08C1EB39AE300E1BF44 /* FirstViewController.swift */; };
		49AED08F1EB39AE300E1BF44 /* SecondViewController.swift in Sources */ = {isa = PBXBuildFile; fileRef = 49AED08E1EB39AE300E1BF44 /* SecondViewController.swift */; };
		49AED0921EB39AE300E1BF44 /* Main.storyboard in Resources */ = {isa = PBXBuildFile; fileRef = 49AED0901EB39AE300E1BF44 /* Main.storyboard */; };
		49AED0941EB39AE300E1BF44 /* Assets.xcassets in Resources */ = {isa = PBXBuildFile; fileRef = 49AED0931EB39AE300E1BF44 /* Assets.xcassets */; };
		49AED0971EB39AE300E1BF44 /* LaunchScreen.storyboard in Resources */ = {isa = PBXBuildFile; fileRef = 49AED0951EB39AE300E1BF44 /* LaunchScreen.storyboard */; };
/* End PBXBuildFile section */

/* Begin PBXFileReference section */
		4914826C1EC0D9E800F1C9A2 /* ButtonTestScreen.swift */ = {isa = PBXFileReference; fileEncoding = 4; lastKnownFileType = sourcecode.swift; path = ButtonTestScreen.swift; sourceTree = "<group>"; };
		4914827F1EC1D00F00F1C9A2 /* CreateStorage.swift */ = {isa = PBXFileReference; fileEncoding = 4; lastKnownFileType = sourcecode.swift; path = CreateStorage.swift; sourceTree = "<group>"; };
		491482801EC1D00F00F1C9A2 /* GetUIndex.swift */ = {isa = PBXFileReference; fileEncoding = 4; lastKnownFileType = sourcecode.swift; path = GetUIndex.swift; sourceTree = "<group>"; };
		491482811EC1D00F00F1C9A2 /* RandomChoose.swift */ = {isa = PBXFileReference; fileEncoding = 4; lastKnownFileType = sourcecode.swift; path = RandomChoose.swift; sourceTree = "<group>"; };
		491482821EC1D00F00F1C9A2 /* StringAdapter.swift */ = {isa = PBXFileReference; fileEncoding = 4; lastKnownFileType = sourcecode.swift; path = StringAdapter.swift; sourceTree = "<group>"; };
		491482851EC1D00F00F1C9A2 /* CentralManagerDelegate.swift */ = {isa = PBXFileReference; fileEncoding = 4; lastKnownFileType = sourcecode.swift; path = CentralManagerDelegate.swift; sourceTree = "<group>"; };
		491482861EC1D00F00F1C9A2 /* CentralManagerPro.swift */ = {isa = PBXFileReference; fileEncoding = 4; lastKnownFileType = sourcecode.swift; path = CentralManagerPro.swift; sourceTree = "<group>"; };
		491482871EC1D00F00F1C9A2 /* PeripheralPro.swift */ = {isa = PBXFileReference; fileEncoding = 4; lastKnownFileType = sourcecode.swift; path = PeripheralPro.swift; sourceTree = "<group>"; };
		491482891EC1D00F00F1C9A2 /* PeripheralManagerPro.swift */ = {isa = PBXFileReference; fileEncoding = 4; lastKnownFileType = sourcecode.swift; path = PeripheralManagerPro.swift; sourceTree = "<group>"; };
		4914828B1EC1D00F00F1C9A2 /* Atoms.swift */ = {isa = PBXFileReference; fileEncoding = 4; lastKnownFileType = sourcecode.swift; path = Atoms.swift; sourceTree = "<group>"; };
		4914828C1EC1D00F00F1C9A2 /* AutoBattle.swift */ = {isa = PBXFileReference; fileEncoding = 4; lastKnownFileType = sourcecode.swift; path = AutoBattle.swift; sourceTree = "<group>"; };
		4914828D1EC1D00F00F1C9A2 /* CardIdentifiable.swift */ = {isa = PBXFileReference; fileEncoding = 4; lastKnownFileType = sourcecode.swift; path = CardIdentifiable.swift; sourceTree = "<group>"; };
		4914828E1EC1D00F00F1C9A2 /* Competitive.swift */ = {isa = PBXFileReference; fileEncoding = 4; lastKnownFileType = sourcecode.swift; path = Competitive.swift; sourceTree = "<group>"; };
		4914828F1EC1D00F00F1C9A2 /* ExCALayer.swift */ = {isa = PBXFileReference; fileEncoding = 4; lastKnownFileType = sourcecode.swift; path = ExCALayer.swift; sourceTree = "<group>"; };
		491482901EC1D00F00F1C9A2 /* ExString.swift */ = {isa = PBXFileReference; fileEncoding = 4; lastKnownFileType = sourcecode.swift; path = ExString.swift; sourceTree = "<group>"; };
		491482911EC1D00F00F1C9A2 /* LayerSet.swift */ = {isa = PBXFileReference; fileEncoding = 4; lastKnownFileType = sourcecode.swift; path = LayerSet.swift; sourceTree = "<group>"; };
		491482921EC1D00F00F1C9A2 /* Stoppable.swift */ = {isa = PBXFileReference; fileEncoding = 4; lastKnownFileType = sourcecode.swift; path = Stoppable.swift; sourceTree = "<group>"; };
		491482931EC1D00F00F1C9A2 /* UserIdentifiable.swift */ = {isa = PBXFileReference; fileEncoding = 4; lastKnownFileType = sourcecode.swift; path = UserIdentifiable.swift; sourceTree = "<group>"; };
		491482961EC1D00F00F1C9A2 /* Atom.swift */ = {isa = PBXFileReference; fileEncoding = 4; lastKnownFileType = sourcecode.swift; path = Atom.swift; sourceTree = "<group>"; };
		491482971EC1D00F00F1C9A2 /* AtomColor.swift */ = {isa = PBXFileReference; fileEncoding = 4; lastKnownFileType = sourcecode.swift; path = AtomColor.swift; sourceTree = "<group>"; };
		491482981EC1D00F00F1C9A2 /* BattleCharInformation.swift */ = {isa = PBXFileReference; fileEncoding = 4; lastKnownFileType = sourcecode.swift; path = BattleCharInformation.swift; sourceTree = "<group>"; };
		491482991EC1D00F00F1C9A2 /* Card.swift */ = {isa = PBXFileReference; fileEncoding = 4; lastKnownFileType = sourcecode.swift; path = Card.swift; sourceTree = "<group>"; };
		4914829A1EC1D00F00F1C9A2 /* Difficulty.swift */ = {isa = PBXFileReference; fileEncoding = 4; lastKnownFileType = sourcecode.swift; path = Difficulty.swift; sourceTree = "<group>"; };
		4914829B1EC1D00F00F1C9A2 /* StringType.swift */ = {isa = PBXFileReference; fileEncoding = 4; lastKnownFileType = sourcecode.swift; path = StringType.swift; sourceTree = "<group>"; };
		499219271EBA1BF600610ED4 /* PlayScreen.swift */ = {isa = PBXFileReference; fileEncoding = 4; lastKnownFileType = sourcecode.swift; path = PlayScreen.swift; sourceTree = "<group>"; };
		49AED0871EB39AE300E1BF44 /* MyApp.app */ = {isa = PBXFileReference; explicitFileType = wrapper.application; includeInIndex = 0; path = MyApp.app; sourceTree = BUILT_PRODUCTS_DIR; };
		49AED08A1EB39AE300E1BF44 /* AppDelegate.swift */ = {isa = PBXFileReference; lastKnownFileType = sourcecode.swift; path = AppDelegate.swift; sourceTree = "<group>"; };
		49AED08C1EB39AE300E1BF44 /* FirstViewController.swift */ = {isa = PBXFileReference; lastKnownFileType = sourcecode.swift; path = FirstViewController.swift; sourceTree = "<group>"; };
		49AED08E1EB39AE300E1BF44 /* SecondViewController.swift */ = {isa = PBXFileReference; lastKnownFileType = sourcecode.swift; path = SecondViewController.swift; sourceTree = "<group>"; };
		49AED0911EB39AE300E1BF44 /* Base */ = {isa = PBXFileReference; lastKnownFileType = file.storyboard; name = Base; path = Base.lproj/Main.storyboard; sourceTree = "<group>"; };
		49AED0931EB39AE300E1BF44 /* Assets.xcassets */ = {isa = PBXFileReference; lastKnownFileType = folder.assetcatalog; path = Assets.xcassets; sourceTree = "<group>"; };
		49AED0961EB39AE300E1BF44 /* Base */ = {isa = PBXFileReference; lastKnownFileType = file.storyboard; name = Base; path = Base.lproj/LaunchScreen.storyboard; sourceTree = "<group>"; };
		49AED0981EB39AE300E1BF44 /* Info.plist */ = {isa = PBXFileReference; lastKnownFileType = text.plist.xml; path = Info.plist; sourceTree = "<group>"; };
/* End PBXFileReference section */

/* Begin PBXFrameworksBuildPhase section */
		49AED0841EB39AE300E1BF44 /* Frameworks */ = {
			isa = PBXFrameworksBuildPhase;
			buildActionMask = 2147483647;
			files = (
			);
			runOnlyForDeploymentPostprocessing = 0;
		};
/* End PBXFrameworksBuildPhase section */

/* Begin PBXGroup section */
		4914826E1EC1C93D00F1C9A2 /* Screen */ = {
			isa = PBXGroup;
			children = (
				491482711EC1C98100F1C9A2 /* UIBasic */,
				491482701EC1C95100F1C9A2 /* QRCode */,
				4914826F1EC1C94600F1C9A2 /* default */,
			);
			name = Screen;
			sourceTree = "<group>";
		};
		4914826F1EC1C94600F1C9A2 /* default */ = {
			isa = PBXGroup;
			children = (
				49AED08C1EB39AE300E1BF44 /* FirstViewController.swift */,
				49AED08E1EB39AE300E1BF44 /* SecondViewController.swift */,
			);
			name = default;
			sourceTree = "<group>";
		};
		491482701EC1C95100F1C9A2 /* QRCode */ = {
			isa = PBXGroup;
			children = (
				499219271EBA1BF600610ED4 /* PlayScreen.swift */,
			);
			name = QRCode;
			sourceTree = "<group>";
		};
		491482711EC1C98100F1C9A2 /* UIBasic */ = {
			isa = PBXGroup;
			children = (
				4914826C1EC0D9E800F1C9A2 /* ButtonTestScreen.swift */,
			);
			name = UIBasic;
			sourceTree = "<group>";
		};
		4914827C1EC1D00F00F1C9A2 /* My-Swift-Library */ = {
			isa = PBXGroup;
			children = (
				4914827E1EC1D00F00F1C9A2 /* Class */,
				491482831EC1D00F00F1C9A2 /* CoreBlueTooth */,
				4914828A1EC1D00F00F1C9A2 /* protocol */,
				491482951EC1D00F00F1C9A2 /* typdef */,
			);
			path = "My-Swift-Library";
			sourceTree = "<group>";
		};
		4914827E1EC1D00F00F1C9A2 /* Class */ = {
			isa = PBXGroup;
			children = (
				4914827F1EC1D00F00F1C9A2 /* CreateStorage.swift */,
				491482801EC1D00F00F1C9A2 /* GetUIndex.swift */,
				491482811EC1D00F00F1C9A2 /* RandomChoose.swift */,
				491482821EC1D00F00F1C9A2 /* StringAdapter.swift */,
			);
			path = Class;
			sourceTree = "<group>";
		};
		491482831EC1D00F00F1C9A2 /* CoreBlueTooth */ = {
			isa = PBXGroup;
			children = (
				491482841EC1D00F00F1C9A2 /* CentralMode */,
				491482881EC1D00F00F1C9A2 /* PripheralMode */,
			);
			path = CoreBlueTooth;
			sourceTree = "<group>";
		};
		491482841EC1D00F00F1C9A2 /* CentralMode */ = {
			isa = PBXGroup;
			children = (
				491482851EC1D00F00F1C9A2 /* CentralManagerDelegate.swift */,
				491482861EC1D00F00F1C9A2 /* CentralManagerPro.swift */,
				491482871EC1D00F00F1C9A2 /* PeripheralPro.swift */,
			);
			path = CentralMode;
			sourceTree = "<group>";
		};
		491482881EC1D00F00F1C9A2 /* PripheralMode */ = {
			isa = PBXGroup;
			children = (
				491482891EC1D00F00F1C9A2 /* PeripheralManagerPro.swift */,
			);
			path = PripheralMode;
			sourceTree = "<group>";
		};
		4914828A1EC1D00F00F1C9A2 /* protocol */ = {
			isa = PBXGroup;
			children = (
				4914828B1EC1D00F00F1C9A2 /* Atoms.swift */,
				4914828C1EC1D00F00F1C9A2 /* AutoBattle.swift */,
				4914828D1EC1D00F00F1C9A2 /* CardIdentifiable.swift */,
				4914828E1EC1D00F00F1C9A2 /* Competitive.swift */,
				4914828F1EC1D00F00F1C9A2 /* ExCALayer.swift */,
				491482901EC1D00F00F1C9A2 /* ExString.swift */,
				491482911EC1D00F00F1C9A2 /* LayerSet.swift */,
				491482921EC1D00F00F1C9A2 /* Stoppable.swift */,
				491482931EC1D00F00F1C9A2 /* UserIdentifiable.swift */,
			);
			path = protocol;
			sourceTree = "<group>";
		};
		491482951EC1D00F00F1C9A2 /* typdef */ = {
			isa = PBXGroup;
			children = (
				491482961EC1D00F00F1C9A2 /* Atom.swift */,
				491482971EC1D00F00F1C9A2 /* AtomColor.swift */,
				491482981EC1D00F00F1C9A2 /* BattleCharInformation.swift */,
				491482991EC1D00F00F1C9A2 /* Card.swift */,
				4914829A1EC1D00F00F1C9A2 /* Difficulty.swift */,
				4914829B1EC1D00F00F1C9A2 /* StringType.swift */,
			);
			path = typdef;
			sourceTree = "<group>";
		};
		49AED07E1EB39AE300E1BF44 = {
			isa = PBXGroup;
			children = (
				49AED0891EB39AE300E1BF44 /* MyApp */,
				49AED0881EB39AE300E1BF44 /* Products */,
			);
			sourceTree = "<group>";
		};
		49AED0881EB39AE300E1BF44 /* Products */ = {
			isa = PBXGroup;
			children = (
				49AED0871EB39AE300E1BF44 /* MyApp.app */,
			);
			name = Products;
			sourceTree = "<group>";
		};
		49AED0891EB39AE300E1BF44 /* MyApp */ = {
			isa = PBXGroup;
			children = (
				4914827C1EC1D00F00F1C9A2 /* My-Swift-Library */,
				4914826E1EC1C93D00F1C9A2 /* Screen */,
				49AED08A1EB39AE300E1BF44 /* AppDelegate.swift */,
				49AED0901EB39AE300E1BF44 /* Main.storyboard */,
				49AED0931EB39AE300E1BF44 /* Assets.xcassets */,
				49AED0951EB39AE300E1BF44 /* LaunchScreen.storyboard */,
				49AED0981EB39AE300E1BF44 /* Info.plist */,
			);
			path = MyApp;
			sourceTree = "<group>";
		};
/* End PBXGroup section */

/* Begin PBXNativeTarget section */
		49AED0861EB39AE300E1BF44 /* MyApp */ = {
			isa = PBXNativeTarget;
			buildConfigurationList = 49AED09B1EB39AE300E1BF44 /* Build configuration list for PBXNativeTarget "MyApp" */;
			buildPhases = (
				49AED0831EB39AE300E1BF44 /* Sources */,
				49AED0841EB39AE300E1BF44 /* Frameworks */,
				49AED0851EB39AE300E1BF44 /* Resources */,
			);
			buildRules = (
			);
			dependencies = (
			);
			name = MyApp;
			productName = MyApp;
			productReference = 49AED0871EB39AE300E1BF44 /* MyApp.app */;
			productType = "com.apple.product-type.application";
		};
/* End PBXNativeTarget section */

/* Begin PBXProject section */
		49AED07F1EB39AE300E1BF44 /* Project object */ = {
			isa = PBXProject;
			attributes = {
				LastSwiftUpdateCheck = 0820;
				LastUpgradeCheck = 0820;
				ORGANIZATIONNAME = "徐伟达";
				TargetAttributes = {
					49AED0861EB39AE300E1BF44 = {
						CreatedOnToolsVersion = 8.2.1;
						DevelopmentTeam = LG37524TU4;
						ProvisioningStyle = Automatic;
					};
				};
			};
			buildConfigurationList = 49AED0821EB39AE300E1BF44 /* Build configuration list for PBXProject "MyApp" */;
			compatibilityVersion = "Xcode 3.2";
			developmentRegion = English;
			hasScannedForEncodings = 0;
			knownRegions = (
				en,
				Base,
			);
			mainGroup = 49AED07E1EB39AE300E1BF44;
			productRefGroup = 49AED0881EB39AE300E1BF44 /* Products */;
			projectDirPath = "";
			projectRoot = "";
			targets = (
				49AED0861EB39AE300E1BF44 /* MyApp */,
			);
		};
/* End PBXProject section */

/* Begin PBXResourcesBuildPhase section */
		49AED0851EB39AE300E1BF44 /* Resources */ = {
			isa = PBXResourcesBuildPhase;
			buildActionMask = 2147483647;
			files = (
				49AED0971EB39AE300E1BF44 /* LaunchScreen.storyboard in Resources */,
				49AED0941EB39AE300E1BF44 /* Assets.xcassets in Resources */,
				49AED0921EB39AE300E1BF44 /* Main.storyboard in Resources */,
			);
			runOnlyForDeploymentPostprocessing = 0;
		};
/* End PBXResourcesBuildPhase section */

/* Begin PBXSourcesBuildPhase section */
		49AED0831EB39AE300E1BF44 /* Sources */ = {
			isa = PBXSourcesBuildPhase;
			buildActionMask = 2147483647;
			files = (
				49AED08F1EB39AE300E1BF44 /* SecondViewController.swift in Sources */,
				499219281EBA1BF600610ED4 /* PlayScreen.swift in Sources */,
				491482B31EC1D00F00F1C9A2 /* Difficulty.swift in Sources */,
				4914826D1EC0D9E800F1C9A2 /* ButtonTestScreen.swift in Sources */,
				491482A31EC1D00F00F1C9A2 /* PeripheralPro.swift in Sources */,
				491482A21EC1D00F00F1C9A2 /* CentralManagerPro.swift in Sources */,
				49AED08B1EB39AE300E1BF44 /* AppDelegate.swift in Sources */,
				491482A91EC1D00F00F1C9A2 /* ExCALayer.swift in Sources */,
				491482A11EC1D00F00F1C9A2 /* CentralManagerDelegate.swift in Sources */,
				491482B11EC1D00F00F1C9A2 /* BattleCharInformation.swift in Sources */,
				491482B21EC1D00F00F1C9A2 /* Card.swift in Sources */,
				49AED08D1EB39AE300E1BF44 /* FirstViewController.swift in Sources */,
				491482A51EC1D00F00F1C9A2 /* Atoms.swift in Sources */,
				491482A61EC1D00F00F1C9A2 /* AutoBattle.swift in Sources */,
				491482B41EC1D00F00F1C9A2 /* StringType.swift in Sources */,
				491482A01EC1D00F00F1C9A2 /* StringAdapter.swift in Sources */,
				491482AD1EC1D00F00F1C9A2 /* UserIdentifiable.swift in Sources */,
				491482A71EC1D00F00F1C9A2 /* CardIdentifiable.swift in Sources */,
				491482A81EC1D00F00F1C9A2 /* Competitive.swift in Sources */,
				491482A41EC1D00F00F1C9A2 /* PeripheralManagerPro.swift in Sources */,
				4914829E1EC1D00F00F1C9A2 /* GetUIndex.swift in Sources */,
				4914829D1EC1D00F00F1C9A2 /* CreateStorage.swift in Sources */,
				491482B01EC1D00F00F1C9A2 /* AtomColor.swift in Sources */,
				491482AA1EC1D00F00F1C9A2 /* ExString.swift in Sources */,
				491482AB1EC1D00F00F1C9A2 /* LayerSet.swift in Sources */,
				4914829F1EC1D00F00F1C9A2 /* RandomChoose.swift in Sources */,
				491482AF1EC1D00F00F1C9A2 /* Atom.swift in Sources */,
				491482AC1EC1D00F00F1C9A2 /* Stoppable.swift in Sources */,
			);
			runOnlyForDeploymentPostprocessing = 0;
		};
/* End PBXSourcesBuildPhase section */

/* Begin PBXVariantGroup section */
		49AED0901EB39AE300E1BF44 /* Main.storyboard */ = {
			isa = PBXVariantGroup;
			children = (
				49AED0911EB39AE300E1BF44 /* Base */,
			);
			name = Main.storyboard;
			sourceTree = "<group>";
		};
		49AED0951EB39AE300E1BF44 /* LaunchScreen.storyboard */ = {
			isa = PBXVariantGroup;
			children = (
				49AED0961EB39AE300E1BF44 /* Base */,
			);
			name = LaunchScreen.storyboard;
			sourceTree = "<group>";
		};
/* End PBXVariantGroup section */

/* Begin XCBuildConfiguration section */
		49AED0991EB39AE300E1BF44 /* Debug */ = {
			isa = XCBuildConfiguration;
			buildSettings = {
				ALWAYS_SEARCH_USER_PATHS = NO;
				CLANG_ANALYZER_NONNULL = YES;
				CLANG_CXX_LANGUAGE_STANDARD = "gnu++0x";
				CLANG_CXX_LIBRARY = "libc++";
				CLANG_ENABLE_MODULES = YES;
				CLANG_ENABLE_OBJC_ARC = YES;
				CLANG_WARN_BOOL_CONVERSION = YES;
				CLANG_WARN_CONSTANT_CONVERSION = YES;
				CLANG_WARN_DIRECT_OBJC_ISA_USAGE = YES_ERROR;
				CLANG_WARN_DOCUMENTATION_COMMENTS = YES;
				CLANG_WARN_EMPTY_BODY = YES;
				CLANG_WARN_ENUM_CONVERSION = YES;
				CLANG_WARN_INFINITE_RECURSION = YES;
				CLANG_WARN_INT_CONVERSION = YES;
				CLANG_WARN_OBJC_ROOT_CLASS = YES_ERROR;
				CLANG_WARN_SUSPICIOUS_MOVE = YES;
				CLANG_WARN_UNREACHABLE_CODE = YES;
				CLANG_WARN__DUPLICATE_METHOD_MATCH = YES;
				"CODE_SIGN_IDENTITY[sdk=iphoneos*]" = "iPhone Developer";
				COPY_PHASE_STRIP = NO;
				DEBUG_INFORMATION_FORMAT = dwarf;
				ENABLE_STRICT_OBJC_MSGSEND = YES;
				ENABLE_TESTABILITY = YES;
				GCC_C_LANGUAGE_STANDARD = gnu99;
				GCC_DYNAMIC_NO_PIC = NO;
				GCC_NO_COMMON_BLOCKS = YES;
				GCC_OPTIMIZATION_LEVEL = 0;
				GCC_PREPROCESSOR_DEFINITIONS = (
					"DEBUG=1",
					"$(inherited)",
				);
				GCC_WARN_64_TO_32_BIT_CONVERSION = YES;
				GCC_WARN_ABOUT_RETURN_TYPE = YES_ERROR;
				GCC_WARN_UNDECLARED_SELECTOR = YES;
				GCC_WARN_UNINITIALIZED_AUTOS = YES_AGGRESSIVE;
				GCC_WARN_UNUSED_FUNCTION = YES;
				GCC_WARN_UNUSED_VARIABLE = YES;
				IPHONEOS_DEPLOYMENT_TARGET = 10.2;
				MTL_ENABLE_DEBUG_INFO = YES;
				ONLY_ACTIVE_ARCH = YES;
				SDKROOT = iphoneos;
				SWIFT_ACTIVE_COMPILATION_CONDITIONS = DEBUG;
				SWIFT_OPTIMIZATION_LEVEL = "-Onone";
				TARGETED_DEVICE_FAMILY = "1,2";
			};
			name = Debug;
		};
		49AED09A1EB39AE300E1BF44 /* Release */ = {
			isa = XCBuildConfiguration;
			buildSettings = {
				ALWAYS_SEARCH_USER_PATHS = NO;
				CLANG_ANALYZER_NONNULL = YES;
				CLANG_CXX_LANGUAGE_STANDARD = "gnu++0x";
				CLANG_CXX_LIBRARY = "libc++";
				CLANG_ENABLE_MODULES = YES;
				CLANG_ENABLE_OBJC_ARC = YES;
				CLANG_WARN_BOOL_CONVERSION = YES;
				CLANG_WARN_CONSTANT_CONVERSION = YES;
				CLANG_WARN_DIRECT_OBJC_ISA_USAGE = YES_ERROR;
				CLANG_WARN_DOCUMENTATION_COMMENTS = YES;
				CLANG_WARN_EMPTY_BODY = YES;
				CLANG_WARN_ENUM_CONVERSION = YES;
				CLANG_WARN_INFINITE_RECURSION = YES;
				CLANG_WARN_INT_CONVERSION = YES;
				CLANG_WARN_OBJC_ROOT_CLASS = YES_ERROR;
				CLANG_WARN_SUSPICIOUS_MOVE = YES;
				CLANG_WARN_UNREACHABLE_CODE = YES;
				CLANG_WARN__DUPLICATE_METHOD_MATCH = YES;
				"CODE_SIGN_IDENTITY[sdk=iphoneos*]" = "iPhone Developer";
				COPY_PHASE_STRIP = NO;
				DEBUG_INFORMATION_FORMAT = "dwarf-with-dsym";
				ENABLE_NS_ASSERTIONS = NO;
				ENABLE_STRICT_OBJC_MSGSEND = YES;
				GCC_C_LANGUAGE_STANDARD = gnu99;
				GCC_NO_COMMON_BLOCKS = YES;
				GCC_WARN_64_TO_32_BIT_CONVERSION = YES;
				GCC_WARN_ABOUT_RETURN_TYPE = YES_ERROR;
				GCC_WARN_UNDECLARED_SELECTOR = YES;
				GCC_WARN_UNINITIALIZED_AUTOS = YES_AGGRESSIVE;
				GCC_WARN_UNUSED_FUNCTION = YES;
				GCC_WARN_UNUSED_VARIABLE = YES;
				IPHONEOS_DEPLOYMENT_TARGET = 10.2;
				MTL_ENABLE_DEBUG_INFO = NO;
				SDKROOT = iphoneos;
				SWIFT_OPTIMIZATION_LEVEL = "-Owholemodule";
				TARGETED_DEVICE_FAMILY = "1,2";
				VALIDATE_PRODUCT = YES;
			};
			name = Release;
		};
		49AED09C1EB39AE300E1BF44 /* Debug */ = {
			isa = XCBuildConfiguration;
			buildSettings = {
				ASSETCATALOG_COMPILER_APPICON_NAME = AppIcon;
				DEVELOPMENT_TEAM = LG37524TU4;
				INFOPLIST_FILE = MyApp/Info.plist;
				IPHONEOS_DEPLOYMENT_TARGET = 9.0;
				LD_RUNPATH_SEARCH_PATHS = "$(inherited) @executable_path/Frameworks";
				PRODUCT_BUNDLE_IDENTIFIER = XuWeida.MyApp;
				PRODUCT_NAME = "$(TARGET_NAME)";
				SWIFT_VERSION = 3.0;
			};
			name = Debug;
		};
		49AED09D1EB39AE300E1BF44 /* Release */ = {
			isa = XCBuildConfiguration;
			buildSettings = {
				ASSETCATALOG_COMPILER_APPICON_NAME = AppIcon;
				DEVELOPMENT_TEAM = LG37524TU4;
				INFOPLIST_FILE = MyApp/Info.plist;
				IPHONEOS_DEPLOYMENT_TARGET = 9.0;
				LD_RUNPATH_SEARCH_PATHS = "$(inherited) @executable_path/Frameworks";
				PRODUCT_BUNDLE_IDENTIFIER = XuWeida.MyApp;
				PRODUCT_NAME = "$(TARGET_NAME)";
				SWIFT_VERSION = 3.0;
			};
			name = Release;
		};
/* End XCBuildConfiguration section */

/* Begin XCConfigurationList section */
		49AED0821EB39AE300E1BF44 /* Build configuration list for PBXProject "MyApp" */ = {
			isa = XCConfigurationList;
			buildConfigurations = (
				49AED0991EB39AE300E1BF44 /* Debug */,
				49AED09A1EB39AE300E1BF44 /* Release */,
			);
			defaultConfigurationIsVisible = 0;
			defaultConfigurationName = Release;
		};
		49AED09B1EB39AE300E1BF44 /* Build configuration list for PBXNativeTarget "MyApp" */ = {
			isa = XCConfigurationList;
			buildConfigurations = (
				49AED09C1EB39AE300E1BF44 /* Debug */,
				49AED09D1EB39AE300E1BF44 /* Release */,
			);
			defaultConfigurationIsVisible = 0;
			defaultConfigurationName = Release;
		};
/* End XCConfigurationList section */
	};
	rootObject = 49AED07F1EB39AE300E1BF44 /* Project object */;
}
