// !$*UTF8*$!
{
	archiveVersion = 1;
	classes = {
	};
	objectVersion = 46;
	objects = {

/* Begin PBXBuildFile section */
		499219131EB736AC00610ED4 /* CentralManagerDelegate.swift in Sources */ = {isa = PBXBuildFile; fileRef = 499219121EB736AC00610ED4 /* CentralManagerDelegate.swift */; };
		499219151EB7383300610ED4 /* ExLayer.swift in Sources */ = {isa = PBXBuildFile; fileRef = 499219141EB7383300610ED4 /* ExLayer.swift */; };
		4992191A1EB7537E00610ED4 /* ExCALayer.swift in Sources */ = {isa = PBXBuildFile; fileRef = 499219161EB7537E00610ED4 /* ExCALayer.swift */; };
		4992191B1EB7537E00610ED4 /* ExString.swift in Sources */ = {isa = PBXBuildFile; fileRef = 499219171EB7537E00610ED4 /* ExString.swift */; };
		4992191C1EB7537E00610ED4 /* LayerSet.swift in Sources */ = {isa = PBXBuildFile; fileRef = 499219181EB7537E00610ED4 /* LayerSet.swift */; };
		4992191D1EB7537E00610ED4 /* Stoppable.swift in Sources */ = {isa = PBXBuildFile; fileRef = 499219191EB7537E00610ED4 /* Stoppable.swift */; };
		49CEE0C51EB587520083B0D0 /* AppDelegate.swift in Sources */ = {isa = PBXBuildFile; fileRef = 49CEE0C41EB587520083B0D0 /* AppDelegate.swift */; };
		49CEE0C71EB587520083B0D0 /* ViewController.swift in Sources */ = {isa = PBXBuildFile; fileRef = 49CEE0C61EB587520083B0D0 /* ViewController.swift */; };
		49CEE0CA1EB587520083B0D0 /* Main.storyboard in Resources */ = {isa = PBXBuildFile; fileRef = 49CEE0C81EB587520083B0D0 /* Main.storyboard */; };
		49CEE0CC1EB587520083B0D0 /* Assets.xcassets in Resources */ = {isa = PBXBuildFile; fileRef = 49CEE0CB1EB587520083B0D0 /* Assets.xcassets */; };
		49CEE0CF1EB587520083B0D0 /* LaunchScreen.storyboard in Resources */ = {isa = PBXBuildFile; fileRef = 49CEE0CD1EB587520083B0D0 /* LaunchScreen.storyboard */; };
		49CEE0DC1EB5A1160083B0D0 /* CoreBluetooth.framework in Frameworks */ = {isa = PBXBuildFile; fileRef = 49CEE0DB1EB5A1160083B0D0 /* CoreBluetooth.framework */; };
/* End PBXBuildFile section */

/* Begin PBXFileReference section */
		499219121EB736AC00610ED4 /* CentralManagerDelegate.swift */ = {isa = PBXFileReference; fileEncoding = 4; lastKnownFileType = sourcecode.swift; name = CentralManagerDelegate.swift; path = Class/CentralManagerDelegate.swift; sourceTree = "<group>"; };
		499219141EB7383300610ED4 /* ExLayer.swift */ = {isa = PBXFileReference; fileEncoding = 4; lastKnownFileType = sourcecode.swift; name = ExLayer.swift; path = Protocal/ExLayer.swift; sourceTree = "<group>"; };
		499219161EB7537E00610ED4 /* ExCALayer.swift */ = {isa = PBXFileReference; fileEncoding = 4; lastKnownFileType = sourcecode.swift; name = ExCALayer.swift; path = Protocal/ExCALayer.swift; sourceTree = "<group>"; };
		499219171EB7537E00610ED4 /* ExString.swift */ = {isa = PBXFileReference; fileEncoding = 4; lastKnownFileType = sourcecode.swift; name = ExString.swift; path = Protocal/ExString.swift; sourceTree = "<group>"; };
		499219181EB7537E00610ED4 /* LayerSet.swift */ = {isa = PBXFileReference; fileEncoding = 4; lastKnownFileType = sourcecode.swift; name = LayerSet.swift; path = Protocal/LayerSet.swift; sourceTree = "<group>"; };
		499219191EB7537E00610ED4 /* Stoppable.swift */ = {isa = PBXFileReference; fileEncoding = 4; lastKnownFileType = sourcecode.swift; name = Stoppable.swift; path = Protocal/Stoppable.swift; sourceTree = "<group>"; };
		49CEE0C11EB587520083B0D0 /* BlueToothTest.app */ = {isa = PBXFileReference; explicitFileType = wrapper.application; includeInIndex = 0; path = BlueToothTest.app; sourceTree = BUILT_PRODUCTS_DIR; };
		49CEE0C41EB587520083B0D0 /* AppDelegate.swift */ = {isa = PBXFileReference; lastKnownFileType = sourcecode.swift; path = AppDelegate.swift; sourceTree = "<group>"; };
		49CEE0C61EB587520083B0D0 /* ViewController.swift */ = {isa = PBXFileReference; lastKnownFileType = sourcecode.swift; path = ViewController.swift; sourceTree = "<group>"; };
		49CEE0C91EB587520083B0D0 /* Base */ = {isa = PBXFileReference; lastKnownFileType = file.storyboard; name = Base; path = Base.lproj/Main.storyboard; sourceTree = "<group>"; };
		49CEE0CB1EB587520083B0D0 /* Assets.xcassets */ = {isa = PBXFileReference; lastKnownFileType = folder.assetcatalog; path = Assets.xcassets; sourceTree = "<group>"; };
		49CEE0CE1EB587520083B0D0 /* Base */ = {isa = PBXFileReference; lastKnownFileType = file.storyboard; name = Base; path = Base.lproj/LaunchScreen.storyboard; sourceTree = "<group>"; };
		49CEE0D01EB587520083B0D0 /* Info.plist */ = {isa = PBXFileReference; lastKnownFileType = text.plist.xml; path = Info.plist; sourceTree = "<group>"; };
		49CEE0DB1EB5A1160083B0D0 /* CoreBluetooth.framework */ = {isa = PBXFileReference; lastKnownFileType = wrapper.framework; name = CoreBluetooth.framework; path = System/Library/Frameworks/CoreBluetooth.framework; sourceTree = SDKROOT; };
/* End PBXFileReference section */

/* Begin PBXFrameworksBuildPhase section */
		49CEE0BE1EB587520083B0D0 /* Frameworks */ = {
			isa = PBXFrameworksBuildPhase;
			buildActionMask = 2147483647;
			files = (
				49CEE0DC1EB5A1160083B0D0 /* CoreBluetooth.framework in Frameworks */,
			);
			runOnlyForDeploymentPostprocessing = 0;
		};
/* End PBXFrameworksBuildPhase section */

/* Begin PBXGroup section */
		499219111EB7368200610ED4 /* Class */ = {
			isa = PBXGroup;
			children = (
				499219121EB736AC00610ED4 /* CentralManagerDelegate.swift */,
			);
			name = Class;
			sourceTree = "<group>";
		};
		49CEE0B81EB587520083B0D0 = {
			isa = PBXGroup;
			children = (
				49CEE0C31EB587520083B0D0 /* BlueToothTest */,
				49CEE0C21EB587520083B0D0 /* Products */,
				49CEE0DA1EB5A1160083B0D0 /* Frameworks */,
			);
			sourceTree = "<group>";
		};
		49CEE0C21EB587520083B0D0 /* Products */ = {
			isa = PBXGroup;
			children = (
				49CEE0C11EB587520083B0D0 /* BlueToothTest.app */,
			);
			name = Products;
			sourceTree = "<group>";
		};
		49CEE0C31EB587520083B0D0 /* BlueToothTest */ = {
			isa = PBXGroup;
			children = (
				499219111EB7368200610ED4 /* Class */,
				49CEE0D61EB58F1A0083B0D0 /* Protocal */,
				49CEE0C41EB587520083B0D0 /* AppDelegate.swift */,
				49CEE0C61EB587520083B0D0 /* ViewController.swift */,
				49CEE0C81EB587520083B0D0 /* Main.storyboard */,
				49CEE0CB1EB587520083B0D0 /* Assets.xcassets */,
				49CEE0CD1EB587520083B0D0 /* LaunchScreen.storyboard */,
				49CEE0D01EB587520083B0D0 /* Info.plist */,
			);
			path = BlueToothTest;
			sourceTree = "<group>";
		};
		49CEE0D61EB58F1A0083B0D0 /* Protocal */ = {
			isa = PBXGroup;
			children = (
				499219161EB7537E00610ED4 /* ExCALayer.swift */,
				499219171EB7537E00610ED4 /* ExString.swift */,
				499219181EB7537E00610ED4 /* LayerSet.swift */,
				499219191EB7537E00610ED4 /* Stoppable.swift */,
				499219141EB7383300610ED4 /* ExLayer.swift */,
			);
			name = Protocal;
			sourceTree = "<group>";
		};
		49CEE0DA1EB5A1160083B0D0 /* Frameworks */ = {
			isa = PBXGroup;
			children = (
				49CEE0DB1EB5A1160083B0D0 /* CoreBluetooth.framework */,
			);
			name = Frameworks;
			sourceTree = "<group>";
		};
/* End PBXGroup section */

/* Begin PBXNativeTarget section */
		49CEE0C01EB587520083B0D0 /* BlueToothTest */ = {
			isa = PBXNativeTarget;
			buildConfigurationList = 49CEE0D31EB587520083B0D0 /* Build configuration list for PBXNativeTarget "BlueToothTest" */;
			buildPhases = (
				49CEE0BD1EB587520083B0D0 /* Sources */,
				49CEE0BE1EB587520083B0D0 /* Frameworks */,
				49CEE0BF1EB587520083B0D0 /* Resources */,
			);
			buildRules = (
			);
			dependencies = (
			);
			name = BlueToothTest;
			productName = BlueToothTest;
			productReference = 49CEE0C11EB587520083B0D0 /* BlueToothTest.app */;
			productType = "com.apple.product-type.application";
		};
/* End PBXNativeTarget section */

/* Begin PBXProject section */
		49CEE0B91EB587520083B0D0 /* Project object */ = {
			isa = PBXProject;
			attributes = {
				LastSwiftUpdateCheck = 0820;
				LastUpgradeCheck = 0820;
				ORGANIZATIONNAME = "徐伟达";
				TargetAttributes = {
					49CEE0C01EB587520083B0D0 = {
						CreatedOnToolsVersion = 8.2.1;
						DevelopmentTeam = LG37524TU4;
						ProvisioningStyle = Automatic;
					};
				};
			};
			buildConfigurationList = 49CEE0BC1EB587520083B0D0 /* Build configuration list for PBXProject "BlueToothTest" */;
			compatibilityVersion = "Xcode 3.2";
			developmentRegion = English;
			hasScannedForEncodings = 0;
			knownRegions = (
				en,
				Base,
			);
			mainGroup = 49CEE0B81EB587520083B0D0;
			productRefGroup = 49CEE0C21EB587520083B0D0 /* Products */;
			projectDirPath = "";
			projectRoot = "";
			targets = (
				49CEE0C01EB587520083B0D0 /* BlueToothTest */,
			);
		};
/* End PBXProject section */

/* Begin PBXResourcesBuildPhase section */
		49CEE0BF1EB587520083B0D0 /* Resources */ = {
			isa = PBXResourcesBuildPhase;
			buildActionMask = 2147483647;
			files = (
				49CEE0CF1EB587520083B0D0 /* LaunchScreen.storyboard in Resources */,
				49CEE0CC1EB587520083B0D0 /* Assets.xcassets in Resources */,
				49CEE0CA1EB587520083B0D0 /* Main.storyboard in Resources */,
			);
			runOnlyForDeploymentPostprocessing = 0;
		};
/* End PBXResourcesBuildPhase section */

/* Begin PBXSourcesBuildPhase section */
		49CEE0BD1EB587520083B0D0 /* Sources */ = {
			isa = PBXSourcesBuildPhase;
			buildActionMask = 2147483647;
			files = (
				49CEE0C71EB587520083B0D0 /* ViewController.swift in Sources */,
				4992191C1EB7537E00610ED4 /* LayerSet.swift in Sources */,
				4992191B1EB7537E00610ED4 /* ExString.swift in Sources */,
				499219151EB7383300610ED4 /* ExLayer.swift in Sources */,
				4992191D1EB7537E00610ED4 /* Stoppable.swift in Sources */,
				4992191A1EB7537E00610ED4 /* ExCALayer.swift in Sources */,
				499219131EB736AC00610ED4 /* CentralManagerDelegate.swift in Sources */,
				49CEE0C51EB587520083B0D0 /* AppDelegate.swift in Sources */,
			);
			runOnlyForDeploymentPostprocessing = 0;
		};
/* End PBXSourcesBuildPhase section */

/* Begin PBXVariantGroup section */
		49CEE0C81EB587520083B0D0 /* Main.storyboard */ = {
			isa = PBXVariantGroup;
			children = (
				49CEE0C91EB587520083B0D0 /* Base */,
			);
			name = Main.storyboard;
			sourceTree = "<group>";
		};
		49CEE0CD1EB587520083B0D0 /* LaunchScreen.storyboard */ = {
			isa = PBXVariantGroup;
			children = (
				49CEE0CE1EB587520083B0D0 /* Base */,
			);
			name = LaunchScreen.storyboard;
			sourceTree = "<group>";
		};
/* End PBXVariantGroup section */

/* Begin XCBuildConfiguration section */
		49CEE0D11EB587520083B0D0 /* Debug */ = {
			isa = XCBuildConfiguration;
			buildSettings = {
				ALWAYS_SEARCH_USER_PATHS = NO;
				CLANG_ANALYZER_NONNULL = YES;
				CLANG_CXX_LANGUAGE_STANDARD = "gnu++0x";
				CLANG_CXX_LIBRARY = "libc++";
				CLANG_ENABLE_MODULES = YES;
				CLANG_ENABLE_OBJC_ARC = YES;
				CLANG_WARN_BOOL_CONVERSION = YES;
				CLANG_WARN_CONSTANT_CONVERSION = YES;
				CLANG_WARN_DIRECT_OBJC_ISA_USAGE = YES_ERROR;
				CLANG_WARN_DOCUMENTATION_COMMENTS = YES;
				CLANG_WARN_EMPTY_BODY = YES;
				CLANG_WARN_ENUM_CONVERSION = YES;
				CLANG_WARN_INFINITE_RECURSION = YES;
				CLANG_WARN_INT_CONVERSION = YES;
				CLANG_WARN_OBJC_ROOT_CLASS = YES_ERROR;
				CLANG_WARN_SUSPICIOUS_MOVE = YES;
				CLANG_WARN_UNREACHABLE_CODE = YES;
				CLANG_WARN__DUPLICATE_METHOD_MATCH = YES;
				"CODE_SIGN_IDENTITY[sdk=iphoneos*]" = "iPhone Developer";
				COPY_PHASE_STRIP = NO;
				DEBUG_INFORMATION_FORMAT = dwarf;
				ENABLE_STRICT_OBJC_MSGSEND = YES;
				ENABLE_TESTABILITY = YES;
				GCC_C_LANGUAGE_STANDARD = gnu99;
				GCC_DYNAMIC_NO_PIC = NO;
				GCC_NO_COMMON_BLOCKS = YES;
				GCC_OPTIMIZATION_LEVEL = 0;
				GCC_PREPROCESSOR_DEFINITIONS = (
					"DEBUG=1",
					"$(inherited)",
				);
				GCC_WARN_64_TO_32_BIT_CONVERSION = YES;
				GCC_WARN_ABOUT_RETURN_TYPE = YES_ERROR;
				GCC_WARN_UNDECLARED_SELECTOR = YES;
				GCC_WARN_UNINITIALIZED_AUTOS = YES_AGGRESSIVE;
				GCC_WARN_UNUSED_FUNCTION = YES;
				GCC_WARN_UNUSED_VARIABLE = YES;
				IPHONEOS_DEPLOYMENT_TARGET = 10.2;
				MTL_ENABLE_DEBUG_INFO = YES;
				ONLY_ACTIVE_ARCH = YES;
				SDKROOT = iphoneos;
				SWIFT_ACTIVE_COMPILATION_CONDITIONS = DEBUG;
				SWIFT_OPTIMIZATION_LEVEL = "-Onone";
				TARGETED_DEVICE_FAMILY = "1,2";
			};
			name = Debug;
		};
		49CEE0D21EB587520083B0D0 /* Release */ = {
			isa = XCBuildConfiguration;
			buildSettings = {
				ALWAYS_SEARCH_USER_PATHS = NO;
				CLANG_ANALYZER_NONNULL = YES;
				CLANG_CXX_LANGUAGE_STANDARD = "gnu++0x";
				CLANG_CXX_LIBRARY = "libc++";
				CLANG_ENABLE_MODULES = YES;
				CLANG_ENABLE_OBJC_ARC = YES;
				CLANG_WARN_BOOL_CONVERSION = YES;
				CLANG_WARN_CONSTANT_CONVERSION = YES;
				CLANG_WARN_DIRECT_OBJC_ISA_USAGE = YES_ERROR;
				CLANG_WARN_DOCUMENTATION_COMMENTS = YES;
				CLANG_WARN_EMPTY_BODY = YES;
				CLANG_WARN_ENUM_CONVERSION = YES;
				CLANG_WARN_INFINITE_RECURSION = YES;
				CLANG_WARN_INT_CONVERSION = YES;
				CLANG_WARN_OBJC_ROOT_CLASS = YES_ERROR;
				CLANG_WARN_SUSPICIOUS_MOVE = YES;
				CLANG_WARN_UNREACHABLE_CODE = YES;
				CLANG_WARN__DUPLICATE_METHOD_MATCH = YES;
				"CODE_SIGN_IDENTITY[sdk=iphoneos*]" = "iPhone Developer";
				COPY_PHASE_STRIP = NO;
				DEBUG_INFORMATION_FORMAT = "dwarf-with-dsym";
				ENABLE_NS_ASSERTIONS = NO;
				ENABLE_STRICT_OBJC_MSGSEND = YES;
				GCC_C_LANGUAGE_STANDARD = gnu99;
				GCC_NO_COMMON_BLOCKS = YES;
				GCC_WARN_64_TO_32_BIT_CONVERSION = YES;
				GCC_WARN_ABOUT_RETURN_TYPE = YES_ERROR;
				GCC_WARN_UNDECLARED_SELECTOR = YES;
				GCC_WARN_UNINITIALIZED_AUTOS = YES_AGGRESSIVE;
				GCC_WARN_UNUSED_FUNCTION = YES;
				GCC_WARN_UNUSED_VARIABLE = YES;
				IPHONEOS_DEPLOYMENT_TARGET = 10.2;
				MTL_ENABLE_DEBUG_INFO = NO;
				SDKROOT = iphoneos;
				SWIFT_OPTIMIZATION_LEVEL = "-Owholemodule";
				TARGETED_DEVICE_FAMILY = "1,2";
				VALIDATE_PRODUCT = YES;
			};
			name = Release;
		};
		49CEE0D41EB587520083B0D0 /* Debug */ = {
			isa = XCBuildConfiguration;
			buildSettings = {
				ASSETCATALOG_COMPILER_APPICON_NAME = AppIcon;
				DEVELOPMENT_TEAM = LG37524TU4;
				INFOPLIST_FILE = BlueToothTest/Info.plist;
				IPHONEOS_DEPLOYMENT_TARGET = 8.1;
				LD_RUNPATH_SEARCH_PATHS = "$(inherited) @executable_path/Frameworks";
				PRODUCT_BUNDLE_IDENTIFIER = XuWeida.BlueToothTest;
				PRODUCT_NAME = "$(TARGET_NAME)";
				SWIFT_VERSION = 3.0;
			};
			name = Debug;
		};
		49CEE0D51EB587520083B0D0 /* Release */ = {
			isa = XCBuildConfiguration;
			buildSettings = {
				ASSETCATALOG_COMPILER_APPICON_NAME = AppIcon;
				DEVELOPMENT_TEAM = LG37524TU4;
				INFOPLIST_FILE = BlueToothTest/Info.plist;
				IPHONEOS_DEPLOYMENT_TARGET = 8.1;
				LD_RUNPATH_SEARCH_PATHS = "$(inherited) @executable_path/Frameworks";
				PRODUCT_BUNDLE_IDENTIFIER = XuWeida.BlueToothTest;
				PRODUCT_NAME = "$(TARGET_NAME)";
				SWIFT_VERSION = 3.0;
			};
			name = Release;
		};
/* End XCBuildConfiguration section */

/* Begin XCConfigurationList section */
		49CEE0BC1EB587520083B0D0 /* Build configuration list for PBXProject "BlueToothTest" */ = {
			isa = XCConfigurationList;
			buildConfigurations = (
				49CEE0D11EB587520083B0D0 /* Debug */,
				49CEE0D21EB587520083B0D0 /* Release */,
			);
			defaultConfigurationIsVisible = 0;
			defaultConfigurationName = Release;
		};
		49CEE0D31EB587520083B0D0 /* Build configuration list for PBXNativeTarget "BlueToothTest" */ = {
			isa = XCConfigurationList;
			buildConfigurations = (
				49CEE0D41EB587520083B0D0 /* Debug */,
				49CEE0D51EB587520083B0D0 /* Release */,
			);
			defaultConfigurationIsVisible = 0;
			defaultConfigurationName = Release;
		};
/* End XCConfigurationList section */
	};
	rootObject = 49CEE0B91EB587520083B0D0 /* Project object */;
}
