// !$*UTF8*$!
{
	archiveVersion = 1;
	classes = {
	};
	objectVersion = 46;
	objects = {

/* Begin PBXBuildFile section */
		37B89B9E1F3AD26B0002D3F1 /* AppDelegate.swift in Sources */ = {isa = PBXBuildFile; fileRef = 37B89B9D1F3AD26B0002D3F1 /* AppDelegate.swift */; };
		37B89BA01F3AD26B0002D3F1 /* ViewController.swift in Sources */ = {isa = PBXBuildFile; fileRef = 37B89B9F1F3AD26B0002D3F1 /* ViewController.swift */; };
		37B89BA31F3AD26B0002D3F1 /* Main.storyboard in Resources */ = {isa = PBXBuildFile; fileRef = 37B89BA11F3AD26B0002D3F1 /* Main.storyboard */; };
		37B89BA51F3AD26B0002D3F1 /* Assets.xcassets in Resources */ = {isa = PBXBuildFile; fileRef = 37B89BA41F3AD26B0002D3F1 /* Assets.xcassets */; };
		37B89BA81F3AD26B0002D3F1 /* LaunchScreen.storyboard in Resources */ = {isa = PBXBuildFile; fileRef = 37B89BA61F3AD26B0002D3F1 /* LaunchScreen.storyboard */; };
		37B89BB31F3AD26B0002D3F1 /* Learning_PureLayoutTests.swift in Sources */ = {isa = PBXBuildFile; fileRef = 37B89BB21F3AD26B0002D3F1 /* Learning_PureLayoutTests.swift */; };
		37B89BBE1F3AD26B0002D3F1 /* Learning_PureLayoutUITests.swift in Sources */ = {isa = PBXBuildFile; fileRef = 37B89BBD1F3AD26B0002D3F1 /* Learning_PureLayoutUITests.swift */; };
		64FF30FB384455B18608F479 /* Pods_Learning_PureLayout.framework in Frameworks */ = {isa = PBXBuildFile; fileRef = 06116F76AC31295979E8DF30 /* Pods_Learning_PureLayout.framework */; };
/* End PBXBuildFile section */

/* Begin PBXContainerItemProxy section */
		37B89BAF1F3AD26B0002D3F1 /* PBXContainerItemProxy */ = {
			isa = PBXContainerItemProxy;
			containerPortal = 37B89B921F3AD26B0002D3F1 /* Project object */;
			proxyType = 1;
			remoteGlobalIDString = 37B89B991F3AD26B0002D3F1;
			remoteInfo = "Learning-PureLayout";
		};
		37B89BBA1F3AD26B0002D3F1 /* PBXContainerItemProxy */ = {
			isa = PBXContainerItemProxy;
			containerPortal = 37B89B921F3AD26B0002D3F1 /* Project object */;
			proxyType = 1;
			remoteGlobalIDString = 37B89B991F3AD26B0002D3F1;
			remoteInfo = "Learning-PureLayout";
		};
/* End PBXContainerItemProxy section */

/* Begin PBXFileReference section */
		06116F76AC31295979E8DF30 /* Pods_Learning_PureLayout.framework */ = {isa = PBXFileReference; explicitFileType = wrapper.framework; includeInIndex = 0; path = Pods_Learning_PureLayout.framework; sourceTree = BUILT_PRODUCTS_DIR; };
		37B89B9A1F3AD26B0002D3F1 /* Learning-PureLayout.app */ = {isa = PBXFileReference; explicitFileType = wrapper.application; includeInIndex = 0; path = "Learning-PureLayout.app"; sourceTree = BUILT_PRODUCTS_DIR; };
		37B89B9D1F3AD26B0002D3F1 /* AppDelegate.swift */ = {isa = PBXFileReference; lastKnownFileType = sourcecode.swift; path = AppDelegate.swift; sourceTree = "<group>"; };
		37B89B9F1F3AD26B0002D3F1 /* ViewController.swift */ = {isa = PBXFileReference; lastKnownFileType = sourcecode.swift; path = ViewController.swift; sourceTree = "<group>"; };
		37B89BA21F3AD26B0002D3F1 /* Base */ = {isa = PBXFileReference; lastKnownFileType = file.storyboard; name = Base; path = Base.lproj/Main.storyboard; sourceTree = "<group>"; };
		37B89BA41F3AD26B0002D3F1 /* Assets.xcassets */ = {isa = PBXFileReference; lastKnownFileType = folder.assetcatalog; path = Assets.xcassets; sourceTree = "<group>"; };
		37B89BA71F3AD26B0002D3F1 /* Base */ = {isa = PBXFileReference; lastKnownFileType = file.storyboard; name = Base; path = Base.lproj/LaunchScreen.storyboard; sourceTree = "<group>"; };
		37B89BA91F3AD26B0002D3F1 /* Info.plist */ = {isa = PBXFileReference; lastKnownFileType = text.plist.xml; path = Info.plist; sourceTree = "<group>"; };
		37B89BAE1F3AD26B0002D3F1 /* Learning-PureLayoutTests.xctest */ = {isa = PBXFileReference; explicitFileType = wrapper.cfbundle; includeInIndex = 0; path = "Learning-PureLayoutTests.xctest"; sourceTree = BUILT_PRODUCTS_DIR; };
		37B89BB21F3AD26B0002D3F1 /* Learning_PureLayoutTests.swift */ = {isa = PBXFileReference; lastKnownFileType = sourcecode.swift; path = Learning_PureLayoutTests.swift; sourceTree = "<group>"; };
		37B89BB41F3AD26B0002D3F1 /* Info.plist */ = {isa = PBXFileReference; lastKnownFileType = text.plist.xml; path = Info.plist; sourceTree = "<group>"; };
		37B89BB91F3AD26B0002D3F1 /* Learning-PureLayoutUITests.xctest */ = {isa = PBXFileReference; explicitFileType = wrapper.cfbundle; includeInIndex = 0; path = "Learning-PureLayoutUITests.xctest"; sourceTree = BUILT_PRODUCTS_DIR; };
		37B89BBD1F3AD26B0002D3F1 /* Learning_PureLayoutUITests.swift */ = {isa = PBXFileReference; lastKnownFileType = sourcecode.swift; path = Learning_PureLayoutUITests.swift; sourceTree = "<group>"; };
		37B89BBF1F3AD26B0002D3F1 /* Info.plist */ = {isa = PBXFileReference; lastKnownFileType = text.plist.xml; path = Info.plist; sourceTree = "<group>"; };
		770D07BD6B16B999D61AA17C /* Pods-Learning-PureLayout.debug.xcconfig */ = {isa = PBXFileReference; includeInIndex = 1; lastKnownFileType = text.xcconfig; name = "Pods-Learning-PureLayout.debug.xcconfig"; path = "Pods/Target Support Files/Pods-Learning-PureLayout/Pods-Learning-PureLayout.debug.xcconfig"; sourceTree = "<group>"; };
		A14D58B7111E0E891151F229 /* Pods-Learning-PureLayout.release.xcconfig */ = {isa = PBXFileReference; includeInIndex = 1; lastKnownFileType = text.xcconfig; name = "Pods-Learning-PureLayout.release.xcconfig"; path = "Pods/Target Support Files/Pods-Learning-PureLayout/Pods-Learning-PureLayout.release.xcconfig"; sourceTree = "<group>"; };
/* End PBXFileReference section */

/* Begin PBXFrameworksBuildPhase section */
		37B89B971F3AD26B0002D3F1 /* Frameworks */ = {
			isa = PBXFrameworksBuildPhase;
			buildActionMask = 2147483647;
			files = (
				64FF30FB384455B18608F479 /* Pods_Learning_PureLayout.framework in Frameworks */,
			);
			runOnlyForDeploymentPostprocessing = 0;
		};
		37B89BAB1F3AD26B0002D3F1 /* Frameworks */ = {
			isa = PBXFrameworksBuildPhase;
			buildActionMask = 2147483647;
			files = (
			);
			runOnlyForDeploymentPostprocessing = 0;
		};
		37B89BB61F3AD26B0002D3F1 /* Frameworks */ = {
			isa = PBXFrameworksBuildPhase;
			buildActionMask = 2147483647;
			files = (
			);
			runOnlyForDeploymentPostprocessing = 0;
		};
/* End PBXFrameworksBuildPhase section */

/* Begin PBXGroup section */
		1ACB0E18EE0730B20B36D07B /* Pods */ = {
			isa = PBXGroup;
			children = (
				770D07BD6B16B999D61AA17C /* Pods-Learning-PureLayout.debug.xcconfig */,
				A14D58B7111E0E891151F229 /* Pods-Learning-PureLayout.release.xcconfig */,
			);
			name = Pods;
			sourceTree = "<group>";
		};
		37B89B911F3AD26B0002D3F1 = {
			isa = PBXGroup;
			children = (
				37B89B9C1F3AD26B0002D3F1 /* Learning-PureLayout */,
				37B89BB11F3AD26B0002D3F1 /* Learning-PureLayoutTests */,
				37B89BBC1F3AD26B0002D3F1 /* Learning-PureLayoutUITests */,
				37B89B9B1F3AD26B0002D3F1 /* Products */,
				1ACB0E18EE0730B20B36D07B /* Pods */,
				99BEB648CA90BEE44774F947 /* Frameworks */,
			);
			sourceTree = "<group>";
		};
		37B89B9B1F3AD26B0002D3F1 /* Products */ = {
			isa = PBXGroup;
			children = (
				37B89B9A1F3AD26B0002D3F1 /* Learning-PureLayout.app */,
				37B89BAE1F3AD26B0002D3F1 /* Learning-PureLayoutTests.xctest */,
				37B89BB91F3AD26B0002D3F1 /* Learning-PureLayoutUITests.xctest */,
			);
			name = Products;
			sourceTree = "<group>";
		};
		37B89B9C1F3AD26B0002D3F1 /* Learning-PureLayout */ = {
			isa = PBXGroup;
			children = (
				37B89B9D1F3AD26B0002D3F1 /* AppDelegate.swift */,
				37B89B9F1F3AD26B0002D3F1 /* ViewController.swift */,
				37B89BA11F3AD26B0002D3F1 /* Main.storyboard */,
				37B89BA41F3AD26B0002D3F1 /* Assets.xcassets */,
				37B89BA61F3AD26B0002D3F1 /* LaunchScreen.storyboard */,
				37B89BA91F3AD26B0002D3F1 /* Info.plist */,
			);
			path = "Learning-PureLayout";
			sourceTree = "<group>";
		};
		37B89BB11F3AD26B0002D3F1 /* Learning-PureLayoutTests */ = {
			isa = PBXGroup;
			children = (
				37B89BB21F3AD26B0002D3F1 /* Learning_PureLayoutTests.swift */,
				37B89BB41F3AD26B0002D3F1 /* Info.plist */,
			);
			path = "Learning-PureLayoutTests";
			sourceTree = "<group>";
		};
		37B89BBC1F3AD26B0002D3F1 /* Learning-PureLayoutUITests */ = {
			isa = PBXGroup;
			children = (
				37B89BBD1F3AD26B0002D3F1 /* Learning_PureLayoutUITests.swift */,
				37B89BBF1F3AD26B0002D3F1 /* Info.plist */,
			);
			path = "Learning-PureLayoutUITests";
			sourceTree = "<group>";
		};
		99BEB648CA90BEE44774F947 /* Frameworks */ = {
			isa = PBXGroup;
			children = (
				06116F76AC31295979E8DF30 /* Pods_Learning_PureLayout.framework */,
			);
			name = Frameworks;
			sourceTree = "<group>";
		};
/* End PBXGroup section */

/* Begin PBXNativeTarget section */
		37B89B991F3AD26B0002D3F1 /* Learning-PureLayout */ = {
			isa = PBXNativeTarget;
			buildConfigurationList = 37B89BC21F3AD26B0002D3F1 /* Build configuration list for PBXNativeTarget "Learning-PureLayout" */;
			buildPhases = (
				E16B56BA5CEA02A606A0C344 /* [CP] Check Pods Manifest.lock */,
				37B89B961F3AD26B0002D3F1 /* Sources */,
				37B89B971F3AD26B0002D3F1 /* Frameworks */,
				37B89B981F3AD26B0002D3F1 /* Resources */,
				59E5B6A7089D1A26019AA2F3 /* [CP] Embed Pods Frameworks */,
				CD3BFD0FCED46579EE13BD05 /* [CP] Copy Pods Resources */,
			);
			buildRules = (
			);
			dependencies = (
			);
			name = "Learning-PureLayout";
			productName = "Learning-PureLayout";
			productReference = 37B89B9A1F3AD26B0002D3F1 /* Learning-PureLayout.app */;
			productType = "com.apple.product-type.application";
		};
		37B89BAD1F3AD26B0002D3F1 /* Learning-PureLayoutTests */ = {
			isa = PBXNativeTarget;
			buildConfigurationList = 37B89BC51F3AD26B0002D3F1 /* Build configuration list for PBXNativeTarget "Learning-PureLayoutTests" */;
			buildPhases = (
				37B89BAA1F3AD26B0002D3F1 /* Sources */,
				37B89BAB1F3AD26B0002D3F1 /* Frameworks */,
				37B89BAC1F3AD26B0002D3F1 /* Resources */,
			);
			buildRules = (
			);
			dependencies = (
				37B89BB01F3AD26B0002D3F1 /* PBXTargetDependency */,
			);
			name = "Learning-PureLayoutTests";
			productName = "Learning-PureLayoutTests";
			productReference = 37B89BAE1F3AD26B0002D3F1 /* Learning-PureLayoutTests.xctest */;
			productType = "com.apple.product-type.bundle.unit-test";
		};
		37B89BB81F3AD26B0002D3F1 /* Learning-PureLayoutUITests */ = {
			isa = PBXNativeTarget;
			buildConfigurationList = 37B89BC81F3AD26B0002D3F1 /* Build configuration list for PBXNativeTarget "Learning-PureLayoutUITests" */;
			buildPhases = (
				37B89BB51F3AD26B0002D3F1 /* Sources */,
				37B89BB61F3AD26B0002D3F1 /* Frameworks */,
				37B89BB71F3AD26B0002D3F1 /* Resources */,
			);
			buildRules = (
			);
			dependencies = (
				37B89BBB1F3AD26B0002D3F1 /* PBXTargetDependency */,
			);
			name = "Learning-PureLayoutUITests";
			productName = "Learning-PureLayoutUITests";
			productReference = 37B89BB91F3AD26B0002D3F1 /* Learning-PureLayoutUITests.xctest */;
			productType = "com.apple.product-type.bundle.ui-testing";
		};
/* End PBXNativeTarget section */

/* Begin PBXProject section */
		37B89B921F3AD26B0002D3F1 /* Project object */ = {
			isa = PBXProject;
			attributes = {
				LastSwiftUpdateCheck = 0830;
				LastUpgradeCheck = 0830;
				ORGANIZATIONNAME = "Weida Xu";
				TargetAttributes = {
					37B89B991F3AD26B0002D3F1 = {
						CreatedOnToolsVersion = 8.3.3;
						DevelopmentTeam = LG37524TU4;
						ProvisioningStyle = Automatic;
					};
					37B89BAD1F3AD26B0002D3F1 = {
						CreatedOnToolsVersion = 8.3.3;
						DevelopmentTeam = LG37524TU4;
						ProvisioningStyle = Automatic;
						TestTargetID = 37B89B991F3AD26B0002D3F1;
					};
					37B89BB81F3AD26B0002D3F1 = {
						CreatedOnToolsVersion = 8.3.3;
						DevelopmentTeam = LG37524TU4;
						ProvisioningStyle = Automatic;
						TestTargetID = 37B89B991F3AD26B0002D3F1;
					};
				};
			};
			buildConfigurationList = 37B89B951F3AD26B0002D3F1 /* Build configuration list for PBXProject "Learning-PureLayout" */;
			compatibilityVersion = "Xcode 3.2";
			developmentRegion = English;
			hasScannedForEncodings = 0;
			knownRegions = (
				en,
				Base,
			);
			mainGroup = 37B89B911F3AD26B0002D3F1;
			productRefGroup = 37B89B9B1F3AD26B0002D3F1 /* Products */;
			projectDirPath = "";
			projectRoot = "";
			targets = (
				37B89B991F3AD26B0002D3F1 /* Learning-PureLayout */,
				37B89BAD1F3AD26B0002D3F1 /* Learning-PureLayoutTests */,
				37B89BB81F3AD26B0002D3F1 /* Learning-PureLayoutUITests */,
			);
		};
/* End PBXProject section */

/* Begin PBXResourcesBuildPhase section */
		37B89B981F3AD26B0002D3F1 /* Resources */ = {
			isa = PBXResourcesBuildPhase;
			buildActionMask = 2147483647;
			files = (
				37B89BA81F3AD26B0002D3F1 /* LaunchScreen.storyboard in Resources */,
				37B89BA51F3AD26B0002D3F1 /* Assets.xcassets in Resources */,
				37B89BA31F3AD26B0002D3F1 /* Main.storyboard in Resources */,
			);
			runOnlyForDeploymentPostprocessing = 0;
		};
		37B89BAC1F3AD26B0002D3F1 /* Resources */ = {
			isa = PBXResourcesBuildPhase;
			buildActionMask = 2147483647;
			files = (
			);
			runOnlyForDeploymentPostprocessing = 0;
		};
		37B89BB71F3AD26B0002D3F1 /* Resources */ = {
			isa = PBXResourcesBuildPhase;
			buildActionMask = 2147483647;
			files = (
			);
			runOnlyForDeploymentPostprocessing = 0;
		};
/* End PBXResourcesBuildPhase section */

/* Begin PBXShellScriptBuildPhase section */
		59E5B6A7089D1A26019AA2F3 /* [CP] Embed Pods Frameworks */ = {
			isa = PBXShellScriptBuildPhase;
			buildActionMask = 2147483647;
			files = (
			);
			inputPaths = (
				"${SRCROOT}/Pods/Target Support Files/Pods-Learning-PureLayout/Pods-Learning-PureLayout-frameworks.sh",
				"${BUILT_PRODUCTS_DIR}/PureLayout/PureLayout.framework",
				"${BUILT_PRODUCTS_DIR}/SideMenu/SideMenu.framework",
			);
			name = "[CP] Embed Pods Frameworks";
			outputPaths = (
				"${TARGET_BUILD_DIR}/${FRAMEWORKS_FOLDER_PATH}/PureLayout.framework",
				"${TARGET_BUILD_DIR}/${FRAMEWORKS_FOLDER_PATH}/SideMenu.framework",
			);
			runOnlyForDeploymentPostprocessing = 0;
			shellPath = /bin/sh;
			shellScript = "\"${SRCROOT}/Pods/Target Support Files/Pods-Learning-PureLayout/Pods-Learning-PureLayout-frameworks.sh\"\n";
			showEnvVarsInLog = 0;
		};
		CD3BFD0FCED46579EE13BD05 /* [CP] Copy Pods Resources */ = {
			isa = PBXShellScriptBuildPhase;
			buildActionMask = 2147483647;
			files = (
			);
			inputPaths = (
			);
			name = "[CP] Copy Pods Resources";
			outputPaths = (
			);
			runOnlyForDeploymentPostprocessing = 0;
			shellPath = /bin/sh;
			shellScript = "\"${SRCROOT}/Pods/Target Support Files/Pods-Learning-PureLayout/Pods-Learning-PureLayout-resources.sh\"\n";
			showEnvVarsInLog = 0;
		};
		E16B56BA5CEA02A606A0C344 /* [CP] Check Pods Manifest.lock */ = {
			isa = PBXShellScriptBuildPhase;
			buildActionMask = 2147483647;
			files = (
			);
			inputPaths = (
				"${PODS_PODFILE_DIR_PATH}/Podfile.lock",
				"${PODS_ROOT}/Manifest.lock",
			);
			name = "[CP] Check Pods Manifest.lock";
			outputPaths = (
				"$(DERIVED_FILE_DIR)/Pods-Learning-PureLayout-checkManifestLockResult.txt",
			);
			runOnlyForDeploymentPostprocessing = 0;
			shellPath = /bin/sh;
			shellScript = "diff \"${PODS_PODFILE_DIR_PATH}/Podfile.lock\" \"${PODS_ROOT}/Manifest.lock\" > /dev/null\nif [ $? != 0 ] ; then\n    # print error to STDERR\n    echo \"error: The sandbox is not in sync with the Podfile.lock. Run 'pod install' or update your CocoaPods installation.\" >&2\n    exit 1\nfi\n# This output is used by Xcode 'outputs' to avoid re-running this script phase.\necho \"SUCCESS\" > \"${SCRIPT_OUTPUT_FILE_0}\"\n";
			showEnvVarsInLog = 0;
		};
/* End PBXShellScriptBuildPhase section */

/* Begin PBXSourcesBuildPhase section */
		37B89B961F3AD26B0002D3F1 /* Sources */ = {
			isa = PBXSourcesBuildPhase;
			buildActionMask = 2147483647;
			files = (
				37B89BA01F3AD26B0002D3F1 /* ViewController.swift in Sources */,
				37B89B9E1F3AD26B0002D3F1 /* AppDelegate.swift in Sources */,
			);
			runOnlyForDeploymentPostprocessing = 0;
		};
		37B89BAA1F3AD26B0002D3F1 /* Sources */ = {
			isa = PBXSourcesBuildPhase;
			buildActionMask = 2147483647;
			files = (
				37B89BB31F3AD26B0002D3F1 /* Learning_PureLayoutTests.swift in Sources */,
			);
			runOnlyForDeploymentPostprocessing = 0;
		};
		37B89BB51F3AD26B0002D3F1 /* Sources */ = {
			isa = PBXSourcesBuildPhase;
			buildActionMask = 2147483647;
			files = (
				37B89BBE1F3AD26B0002D3F1 /* Learning_PureLayoutUITests.swift in Sources */,
			);
			runOnlyForDeploymentPostprocessing = 0;
		};
/* End PBXSourcesBuildPhase section */

/* Begin PBXTargetDependency section */
		37B89BB01F3AD26B0002D3F1 /* PBXTargetDependency */ = {
			isa = PBXTargetDependency;
			target = 37B89B991F3AD26B0002D3F1 /* Learning-PureLayout */;
			targetProxy = 37B89BAF1F3AD26B0002D3F1 /* PBXContainerItemProxy */;
		};
		37B89BBB1F3AD26B0002D3F1 /* PBXTargetDependency */ = {
			isa = PBXTargetDependency;
			target = 37B89B991F3AD26B0002D3F1 /* Learning-PureLayout */;
			targetProxy = 37B89BBA1F3AD26B0002D3F1 /* PBXContainerItemProxy */;
		};
/* End PBXTargetDependency section */

/* Begin PBXVariantGroup section */
		37B89BA11F3AD26B0002D3F1 /* Main.storyboard */ = {
			isa = PBXVariantGroup;
			children = (
				37B89BA21F3AD26B0002D3F1 /* Base */,
			);
			name = Main.storyboard;
			sourceTree = "<group>";
		};
		37B89BA61F3AD26B0002D3F1 /* LaunchScreen.storyboard */ = {
			isa = PBXVariantGroup;
			children = (
				37B89BA71F3AD26B0002D3F1 /* Base */,
			);
			name = LaunchScreen.storyboard;
			sourceTree = "<group>";
		};
/* End PBXVariantGroup section */

/* Begin XCBuildConfiguration section */
		37B89BC01F3AD26B0002D3F1 /* Debug */ = {
			isa = XCBuildConfiguration;
			buildSettings = {
				ALWAYS_SEARCH_USER_PATHS = NO;
				CLANG_ANALYZER_NONNULL = YES;
				CLANG_ANALYZER_NUMBER_OBJECT_CONVERSION = YES_AGGRESSIVE;
				CLANG_CXX_LANGUAGE_STANDARD = "gnu++0x";
				CLANG_CXX_LIBRARY = "libc++";
				CLANG_ENABLE_MODULES = YES;
				CLANG_ENABLE_OBJC_ARC = YES;
				CLANG_WARN_BOOL_CONVERSION = YES;
				CLANG_WARN_CONSTANT_CONVERSION = YES;
				CLANG_WARN_DIRECT_OBJC_ISA_USAGE = YES_ERROR;
				CLANG_WARN_DOCUMENTATION_COMMENTS = YES;
				CLANG_WARN_EMPTY_BODY = YES;
				CLANG_WARN_ENUM_CONVERSION = YES;
				CLANG_WARN_INFINITE_RECURSION = YES;
				CLANG_WARN_INT_CONVERSION = YES;
				CLANG_WARN_OBJC_ROOT_CLASS = YES_ERROR;
				CLANG_WARN_SUSPICIOUS_MOVE = YES;
				CLANG_WARN_UNREACHABLE_CODE = YES;
				CLANG_WARN__DUPLICATE_METHOD_MATCH = YES;
				"CODE_SIGN_IDENTITY[sdk=iphoneos*]" = "iPhone Developer";
				COPY_PHASE_STRIP = NO;
				DEBUG_INFORMATION_FORMAT = dwarf;
				ENABLE_STRICT_OBJC_MSGSEND = YES;
				ENABLE_TESTABILITY = YES;
				GCC_C_LANGUAGE_STANDARD = gnu99;
				GCC_DYNAMIC_NO_PIC = NO;
				GCC_NO_COMMON_BLOCKS = YES;
				GCC_OPTIMIZATION_LEVEL = 0;
				GCC_PREPROCESSOR_DEFINITIONS = (
					"DEBUG=1",
					"$(inherited)",
				);
				GCC_WARN_64_TO_32_BIT_CONVERSION = YES;
				GCC_WARN_ABOUT_RETURN_TYPE = YES_ERROR;
				GCC_WARN_UNDECLARED_SELECTOR = YES;
				GCC_WARN_UNINITIALIZED_AUTOS = YES_AGGRESSIVE;
				GCC_WARN_UNUSED_FUNCTION = YES;
				GCC_WARN_UNUSED_VARIABLE = YES;
				IPHONEOS_DEPLOYMENT_TARGET = 10.3;
				MTL_ENABLE_DEBUG_INFO = YES;
				ONLY_ACTIVE_ARCH = YES;
				SDKROOT = iphoneos;
				SWIFT_ACTIVE_COMPILATION_CONDITIONS = DEBUG;
				SWIFT_OPTIMIZATION_LEVEL = "-Onone";
			};
			name = Debug;
		};
		37B89BC11F3AD26B0002D3F1 /* Release */ = {
			isa = XCBuildConfiguration;
			buildSettings = {
				ALWAYS_SEARCH_USER_PATHS = NO;
				CLANG_ANALYZER_NONNULL = YES;
				CLANG_ANALYZER_NUMBER_OBJECT_CONVERSION = YES_AGGRESSIVE;
				CLANG_CXX_LANGUAGE_STANDARD = "gnu++0x";
				CLANG_CXX_LIBRARY = "libc++";
				CLANG_ENABLE_MODULES = YES;
				CLANG_ENABLE_OBJC_ARC = YES;
				CLANG_WARN_BOOL_CONVERSION = YES;
				CLANG_WARN_CONSTANT_CONVERSION = YES;
				CLANG_WARN_DIRECT_OBJC_ISA_USAGE = YES_ERROR;
				CLANG_WARN_DOCUMENTATION_COMMENTS = YES;
				CLANG_WARN_EMPTY_BODY = YES;
				CLANG_WARN_ENUM_CONVERSION = YES;
				CLANG_WARN_INFINITE_RECURSION = YES;
				CLANG_WARN_INT_CONVERSION = YES;
				CLANG_WARN_OBJC_ROOT_CLASS = YES_ERROR;
				CLANG_WARN_SUSPICIOUS_MOVE = YES;
				CLANG_WARN_UNREACHABLE_CODE = YES;
				CLANG_WARN__DUPLICATE_METHOD_MATCH = YES;
				"CODE_SIGN_IDENTITY[sdk=iphoneos*]" = "iPhone Developer";
				COPY_PHASE_STRIP = NO;
				DEBUG_INFORMATION_FORMAT = "dwarf-with-dsym";
				ENABLE_NS_ASSERTIONS = NO;
				ENABLE_STRICT_OBJC_MSGSEND = YES;
				GCC_C_LANGUAGE_STANDARD = gnu99;
				GCC_NO_COMMON_BLOCKS = YES;
				GCC_WARN_64_TO_32_BIT_CONVERSION = YES;
				GCC_WARN_ABOUT_RETURN_TYPE = YES_ERROR;
				GCC_WARN_UNDECLARED_SELECTOR = YES;
				GCC_WARN_UNINITIALIZED_AUTOS = YES_AGGRESSIVE;
				GCC_WARN_UNUSED_FUNCTION = YES;
				GCC_WARN_UNUSED_VARIABLE = YES;
				IPHONEOS_DEPLOYMENT_TARGET = 10.3;
				MTL_ENABLE_DEBUG_INFO = NO;
				SDKROOT = iphoneos;
				SWIFT_OPTIMIZATION_LEVEL = "-Owholemodule";
				VALIDATE_PRODUCT = YES;
			};
			name = Release;
		};
		37B89BC31F3AD26B0002D3F1 /* Debug */ = {
			isa = XCBuildConfiguration;
			baseConfigurationReference = 770D07BD6B16B999D61AA17C /* Pods-Learning-PureLayout.debug.xcconfig */;
			buildSettings = {
				ASSETCATALOG_COMPILER_APPICON_NAME = AppIcon;
				DEVELOPMENT_TEAM = LG37524TU4;
				INFOPLIST_FILE = "Learning-PureLayout/Info.plist";
				LD_RUNPATH_SEARCH_PATHS = "$(inherited) @executable_path/Frameworks";
				PRODUCT_BUNDLE_IDENTIFIER = "Weida.Learning-PureLayout";
				PRODUCT_NAME = "$(TARGET_NAME)";
				SWIFT_VERSION = 3.0;
			};
			name = Debug;
		};
		37B89BC41F3AD26B0002D3F1 /* Release */ = {
			isa = XCBuildConfiguration;
			baseConfigurationReference = A14D58B7111E0E891151F229 /* Pods-Learning-PureLayout.release.xcconfig */;
			buildSettings = {
				ASSETCATALOG_COMPILER_APPICON_NAME = AppIcon;
				DEVELOPMENT_TEAM = LG37524TU4;
				INFOPLIST_FILE = "Learning-PureLayout/Info.plist";
				LD_RUNPATH_SEARCH_PATHS = "$(inherited) @executable_path/Frameworks";
				PRODUCT_BUNDLE_IDENTIFIER = "Weida.Learning-PureLayout";
				PRODUCT_NAME = "$(TARGET_NAME)";
				SWIFT_VERSION = 3.0;
			};
			name = Release;
		};
		37B89BC61F3AD26B0002D3F1 /* Debug */ = {
			isa = XCBuildConfiguration;
			buildSettings = {
				ALWAYS_EMBED_SWIFT_STANDARD_LIBRARIES = YES;
				BUNDLE_LOADER = "$(TEST_HOST)";
				DEVELOPMENT_TEAM = LG37524TU4;
				INFOPLIST_FILE = "Learning-PureLayoutTests/Info.plist";
				LD_RUNPATH_SEARCH_PATHS = "$(inherited) @executable_path/Frameworks @loader_path/Frameworks";
				PRODUCT_BUNDLE_IDENTIFIER = "Weida.Learning-PureLayoutTests";
				PRODUCT_NAME = "$(TARGET_NAME)";
				SWIFT_VERSION = 3.0;
				TEST_HOST = "$(BUILT_PRODUCTS_DIR)/Learning-PureLayout.app/Learning-PureLayout";
			};
			name = Debug;
		};
		37B89BC71F3AD26B0002D3F1 /* Release */ = {
			isa = XCBuildConfiguration;
			buildSettings = {
				ALWAYS_EMBED_SWIFT_STANDARD_LIBRARIES = YES;
				BUNDLE_LOADER = "$(TEST_HOST)";
				DEVELOPMENT_TEAM = LG37524TU4;
				INFOPLIST_FILE = "Learning-PureLayoutTests/Info.plist";
				LD_RUNPATH_SEARCH_PATHS = "$(inherited) @executable_path/Frameworks @loader_path/Frameworks";
				PRODUCT_BUNDLE_IDENTIFIER = "Weida.Learning-PureLayoutTests";
				PRODUCT_NAME = "$(TARGET_NAME)";
				SWIFT_VERSION = 3.0;
				TEST_HOST = "$(BUILT_PRODUCTS_DIR)/Learning-PureLayout.app/Learning-PureLayout";
			};
			name = Release;
		};
		37B89BC91F3AD26B0002D3F1 /* Debug */ = {
			isa = XCBuildConfiguration;
			buildSettings = {
				ALWAYS_EMBED_SWIFT_STANDARD_LIBRARIES = YES;
				DEVELOPMENT_TEAM = LG37524TU4;
				INFOPLIST_FILE = "Learning-PureLayoutUITests/Info.plist";
				LD_RUNPATH_SEARCH_PATHS = "$(inherited) @executable_path/Frameworks @loader_path/Frameworks";
				PRODUCT_BUNDLE_IDENTIFIER = "Weida.Learning-PureLayoutUITests";
				PRODUCT_NAME = "$(TARGET_NAME)";
				SWIFT_VERSION = 3.0;
				TEST_TARGET_NAME = "Learning-PureLayout";
			};
			name = Debug;
		};
		37B89BCA1F3AD26B0002D3F1 /* Release */ = {
			isa = XCBuildConfiguration;
			buildSettings = {
				ALWAYS_EMBED_SWIFT_STANDARD_LIBRARIES = YES;
				DEVELOPMENT_TEAM = LG37524TU4;
				INFOPLIST_FILE = "Learning-PureLayoutUITests/Info.plist";
				LD_RUNPATH_SEARCH_PATHS = "$(inherited) @executable_path/Frameworks @loader_path/Frameworks";
				PRODUCT_BUNDLE_IDENTIFIER = "Weida.Learning-PureLayoutUITests";
				PRODUCT_NAME = "$(TARGET_NAME)";
				SWIFT_VERSION = 3.0;
				TEST_TARGET_NAME = "Learning-PureLayout";
			};
			name = Release;
		};
/* End XCBuildConfiguration section */

/* Begin XCConfigurationList section */
		37B89B951F3AD26B0002D3F1 /* Build configuration list for PBXProject "Learning-PureLayout" */ = {
			isa = XCConfigurationList;
			buildConfigurations = (
				37B89BC01F3AD26B0002D3F1 /* Debug */,
				37B89BC11F3AD26B0002D3F1 /* Release */,
			);
			defaultConfigurationIsVisible = 0;
			defaultConfigurationName = Release;
		};
		37B89BC21F3AD26B0002D3F1 /* Build configuration list for PBXNativeTarget "Learning-PureLayout" */ = {
			isa = XCConfigurationList;
			buildConfigurations = (
				37B89BC31F3AD26B0002D3F1 /* Debug */,
				37B89BC41F3AD26B0002D3F1 /* Release */,
			);
			defaultConfigurationIsVisible = 0;
		};
		37B89BC51F3AD26B0002D3F1 /* Build configuration list for PBXNativeTarget "Learning-PureLayoutTests" */ = {
			isa = XCConfigurationList;
			buildConfigurations = (
				37B89BC61F3AD26B0002D3F1 /* Debug */,
				37B89BC71F3AD26B0002D3F1 /* Release */,
			);
			defaultConfigurationIsVisible = 0;
		};
		37B89BC81F3AD26B0002D3F1 /* Build configuration list for PBXNativeTarget "Learning-PureLayoutUITests" */ = {
			isa = XCConfigurationList;
			buildConfigurations = (
				37B89BC91F3AD26B0002D3F1 /* Debug */,
				37B89BCA1F3AD26B0002D3F1 /* Release */,
			);
			defaultConfigurationIsVisible = 0;
		};
/* End XCConfigurationList section */
	};
	rootObject = 37B89B921F3AD26B0002D3F1 /* Project object */;
}
