// !$*UTF8*$!
{
	archiveVersion = 1;
	classes = {
	};
	objectVersion = 48;
	objects = {

/* Begin PBXBuildFile section */
		49136237208FB5740070B861 /* Section13ManageViewViewController.swift in Sources */ = {isa = PBXBuildFile; fileRef = 49136236208FB5730070B861 /* Section13ManageViewViewController.swift */; };
		4913623A20918E2F0070B861 /* SubViewController.swift in Sources */ = {isa = PBXBuildFile; fileRef = 4913623920918E2F0070B861 /* SubViewController.swift */; };
		4913B0472096BB3300C81EE7 /* TableViewController.swift in Sources */ = {isa = PBXBuildFile; fileRef = 4913B0462096BB3300C81EE7 /* TableViewController.swift */; };
		4913B0492096BBC300C81EE7 /* TableViewControllerDataSourceAndDelegate.swift in Sources */ = {isa = PBXBuildFile; fileRef = 4913B0482096BBC300C81EE7 /* TableViewControllerDataSourceAndDelegate.swift */; };
		4913B04B2096C25700C81EE7 /* TableViewCell.swift in Sources */ = {isa = PBXBuildFile; fileRef = 4913B04A2096C25700C81EE7 /* TableViewCell.swift */; };
		4913B04E209806EE00C81EE7 /* CollectionViewController.swift in Sources */ = {isa = PBXBuildFile; fileRef = 4913B04D209806EE00C81EE7 /* CollectionViewController.swift */; };
		4913B0502098086200C81EE7 /* CollectionViewCell.swift in Sources */ = {isa = PBXBuildFile; fileRef = 4913B04F2098086200C81EE7 /* CollectionViewCell.swift */; };
		491CE710208E6AED00D0E6F7 /* PickerViewDataSourceAndDelegate.swift in Sources */ = {isa = PBXBuildFile; fileRef = 491CE70F208E6AED00D0E6F7 /* PickerViewDataSourceAndDelegate.swift */; };
		491CE712208E987F00D0E6F7 /* WebKit.framework in Frameworks */ = {isa = PBXBuildFile; fileRef = 491CE711208E987F00D0E6F7 /* WebKit.framework */; };
		49278D2A209A88420025153E /* PageViewController.swift in Sources */ = {isa = PBXBuildFile; fileRef = 49278D29209A88420025153E /* PageViewController.swift */; };
		499605A92087DD8D00377630 /* TopAreaView.swift in Sources */ = {isa = PBXBuildFile; fileRef = 499605A82087DD8D00377630 /* TopAreaView.swift */; };
		499605AE2087DE9500377630 /* StartScreenDrawing.swift in Sources */ = {isa = PBXBuildFile; fileRef = 499605AD2087DE9500377630 /* StartScreenDrawing.swift */; };
		499605B22087E2D100377630 /* TemplateViewController.swift in Sources */ = {isa = PBXBuildFile; fileRef = 499605B12087E2D100377630 /* TemplateViewController.swift */; };
		499605B72088103000377630 /* UIViewExtension.swift in Sources */ = {isa = PBXBuildFile; fileRef = 499605B62088103000377630 /* UIViewExtension.swift */; };
		499605B9208848D900377630 /* MiddleTableView.swift in Sources */ = {isa = PBXBuildFile; fileRef = 499605B8208848D900377630 /* MiddleTableView.swift */; };
		499605BC208849EE00377630 /* MiddleTableViewDataSource.swift in Sources */ = {isa = PBXBuildFile; fileRef = 499605BB208849EE00377630 /* MiddleTableViewDataSource.swift */; };
		499605BE208849FC00377630 /* MiddleTableViewDelegate.swift in Sources */ = {isa = PBXBuildFile; fileRef = 499605BD208849FC00377630 /* MiddleTableViewDelegate.swift */; };
		499605C02088DC1D00377630 /* MiddleTableViewCell.swift in Sources */ = {isa = PBXBuildFile; fileRef = 499605BF2088DC1D00377630 /* MiddleTableViewCell.swift */; };
		4996F7EF2086744E001F19DE /* Section11BasicViewController.swift in Sources */ = {isa = PBXBuildFile; fileRef = 4996F7EE2086744E001F19DE /* Section11BasicViewController.swift */; };
		499AB7F92073AD7D008694D8 /* AppDelegate.swift in Sources */ = {isa = PBXBuildFile; fileRef = 499AB7F82073AD7D008694D8 /* AppDelegate.swift */; };
		499AB7FB2073AD7D008694D8 /* StartViewController.swift in Sources */ = {isa = PBXBuildFile; fileRef = 499AB7FA2073AD7D008694D8 /* StartViewController.swift */; };
		499AB7FE2073AD7D008694D8 /* Main.storyboard in Resources */ = {isa = PBXBuildFile; fileRef = 499AB7FC2073AD7D008694D8 /* Main.storyboard */; };
		499AB8002073AD7D008694D8 /* Assets.xcassets in Resources */ = {isa = PBXBuildFile; fileRef = 499AB7FF2073AD7D008694D8 /* Assets.xcassets */; };
		499AB8032073AD7D008694D8 /* LaunchScreen.storyboard in Resources */ = {isa = PBXBuildFile; fileRef = 499AB8012073AD7D008694D8 /* LaunchScreen.storyboard */; };
		49CF818720893093000A2902 /* BottomCollectionView.swift in Sources */ = {isa = PBXBuildFile; fileRef = 49CF818620893093000A2902 /* BottomCollectionView.swift */; };
		49CF818A2089326A000A2902 /* BottomCollectionViewDataSourceAndDelegate.swift in Sources */ = {isa = PBXBuildFile; fileRef = 49CF81892089326A000A2902 /* BottomCollectionViewDataSourceAndDelegate.swift */; };
		49CF818C208936E4000A2902 /* BottomCollectionViewCell.swift in Sources */ = {isa = PBXBuildFile; fileRef = 49CF818B208936E4000A2902 /* BottomCollectionViewCell.swift */; };
		49CF8190208A8841000A2902 /* Section12BasicViewController.swift in Sources */ = {isa = PBXBuildFile; fileRef = 49CF818F208A8841000A2902 /* Section12BasicViewController.swift */; };
		49CF8193208D2980000A2902 /* TexiViewDelegate.swift in Sources */ = {isa = PBXBuildFile; fileRef = 49CF8192208D2980000A2902 /* TexiViewDelegate.swift */; };
		49E1C5C3209ACEEF00858C0F /* AlertViewController.swift in Sources */ = {isa = PBXBuildFile; fileRef = 49E1C5C2209ACEEF00858C0F /* AlertViewController.swift */; };
		49E1C5C8209AE28C00858C0F /* ImagePickerControllerViewController.swift in Sources */ = {isa = PBXBuildFile; fileRef = 49E1C5C7209AE28C00858C0F /* ImagePickerControllerViewController.swift */; };
		EDFD32D276EB5533E061E355 /* Pods_pro.framework in Frameworks */ = {isa = PBXBuildFile; fileRef = B756DBA5A84F0A4BF8464FCB /* Pods_pro.framework */; };
/* End PBXBuildFile section */

/* Begin PBXFileReference section */
		2D8D51D3D55F75AD1CA9D74A /* Pods-pro.release.xcconfig */ = {isa = PBXFileReference; includeInIndex = 1; lastKnownFileType = text.xcconfig; name = "Pods-pro.release.xcconfig"; path = "Pods/Target Support Files/Pods-pro/Pods-pro.release.xcconfig"; sourceTree = "<group>"; };
		49136236208FB5730070B861 /* Section13ManageViewViewController.swift */ = {isa = PBXFileReference; lastKnownFileType = sourcecode.swift; path = Section13ManageViewViewController.swift; sourceTree = "<group>"; };
		4913623920918E2F0070B861 /* SubViewController.swift */ = {isa = PBXFileReference; lastKnownFileType = sourcecode.swift; path = SubViewController.swift; sourceTree = "<group>"; };
		4913B0462096BB3300C81EE7 /* TableViewController.swift */ = {isa = PBXFileReference; lastKnownFileType = sourcecode.swift; path = TableViewController.swift; sourceTree = "<group>"; };
		4913B0482096BBC300C81EE7 /* TableViewControllerDataSourceAndDelegate.swift */ = {isa = PBXFileReference; lastKnownFileType = sourcecode.swift; path = TableViewControllerDataSourceAndDelegate.swift; sourceTree = "<group>"; };
		4913B04A2096C25700C81EE7 /* TableViewCell.swift */ = {isa = PBXFileReference; lastKnownFileType = sourcecode.swift; path = TableViewCell.swift; sourceTree = "<group>"; };
		4913B04D209806EE00C81EE7 /* CollectionViewController.swift */ = {isa = PBXFileReference; lastKnownFileType = sourcecode.swift; path = CollectionViewController.swift; sourceTree = "<group>"; };
		4913B04F2098086200C81EE7 /* CollectionViewCell.swift */ = {isa = PBXFileReference; lastKnownFileType = sourcecode.swift; path = CollectionViewCell.swift; sourceTree = "<group>"; };
		491CE70F208E6AED00D0E6F7 /* PickerViewDataSourceAndDelegate.swift */ = {isa = PBXFileReference; lastKnownFileType = sourcecode.swift; path = PickerViewDataSourceAndDelegate.swift; sourceTree = "<group>"; };
		491CE711208E987F00D0E6F7 /* WebKit.framework */ = {isa = PBXFileReference; lastKnownFileType = wrapper.framework; name = WebKit.framework; path = System/Library/Frameworks/WebKit.framework; sourceTree = SDKROOT; };
		49278D29209A88420025153E /* PageViewController.swift */ = {isa = PBXFileReference; lastKnownFileType = sourcecode.swift; path = PageViewController.swift; sourceTree = "<group>"; };
		499605A82087DD8D00377630 /* TopAreaView.swift */ = {isa = PBXFileReference; lastKnownFileType = sourcecode.swift; path = TopAreaView.swift; sourceTree = "<group>"; };
		499605AD2087DE9500377630 /* StartScreenDrawing.swift */ = {isa = PBXFileReference; lastKnownFileType = sourcecode.swift; path = StartScreenDrawing.swift; sourceTree = "<group>"; };
		499605B12087E2D100377630 /* TemplateViewController.swift */ = {isa = PBXFileReference; lastKnownFileType = sourcecode.swift; path = TemplateViewController.swift; sourceTree = "<group>"; };
		499605B62088103000377630 /* UIViewExtension.swift */ = {isa = PBXFileReference; lastKnownFileType = sourcecode.swift; path = UIViewExtension.swift; sourceTree = "<group>"; };
		499605B8208848D900377630 /* MiddleTableView.swift */ = {isa = PBXFileReference; lastKnownFileType = sourcecode.swift; path = MiddleTableView.swift; sourceTree = "<group>"; };
		499605BB208849EE00377630 /* MiddleTableViewDataSource.swift */ = {isa = PBXFileReference; lastKnownFileType = sourcecode.swift; path = MiddleTableViewDataSource.swift; sourceTree = "<group>"; };
		499605BD208849FC00377630 /* MiddleTableViewDelegate.swift */ = {isa = PBXFileReference; lastKnownFileType = sourcecode.swift; path = MiddleTableViewDelegate.swift; sourceTree = "<group>"; };
		499605BF2088DC1D00377630 /* MiddleTableViewCell.swift */ = {isa = PBXFileReference; lastKnownFileType = sourcecode.swift; path = MiddleTableViewCell.swift; sourceTree = "<group>"; };
		4996F7EE2086744E001F19DE /* Section11BasicViewController.swift */ = {isa = PBXFileReference; lastKnownFileType = sourcecode.swift; path = Section11BasicViewController.swift; sourceTree = "<group>"; };
		499AB7F52073AD7D008694D8 /* pro.app */ = {isa = PBXFileReference; explicitFileType = wrapper.application; includeInIndex = 0; path = pro.app; sourceTree = BUILT_PRODUCTS_DIR; };
		499AB7F82073AD7D008694D8 /* AppDelegate.swift */ = {isa = PBXFileReference; lastKnownFileType = sourcecode.swift; path = AppDelegate.swift; sourceTree = "<group>"; };
		499AB7FA2073AD7D008694D8 /* StartViewController.swift */ = {isa = PBXFileReference; lastKnownFileType = sourcecode.swift; path = StartViewController.swift; sourceTree = "<group>"; };
		499AB7FD2073AD7D008694D8 /* Base */ = {isa = PBXFileReference; lastKnownFileType = file.storyboard; name = Base; path = Base.lproj/Main.storyboard; sourceTree = "<group>"; };
		499AB7FF2073AD7D008694D8 /* Assets.xcassets */ = {isa = PBXFileReference; lastKnownFileType = folder.assetcatalog; path = Assets.xcassets; sourceTree = "<group>"; };
		499AB8022073AD7D008694D8 /* Base */ = {isa = PBXFileReference; lastKnownFileType = file.storyboard; name = Base; path = Base.lproj/LaunchScreen.storyboard; sourceTree = "<group>"; };
		499AB8042073AD7D008694D8 /* Info.plist */ = {isa = PBXFileReference; lastKnownFileType = text.plist.xml; path = Info.plist; sourceTree = "<group>"; };
		49CF818620893093000A2902 /* BottomCollectionView.swift */ = {isa = PBXFileReference; lastKnownFileType = sourcecode.swift; path = BottomCollectionView.swift; sourceTree = "<group>"; };
		49CF81892089326A000A2902 /* BottomCollectionViewDataSourceAndDelegate.swift */ = {isa = PBXFileReference; lastKnownFileType = sourcecode.swift; path = BottomCollectionViewDataSourceAndDelegate.swift; sourceTree = "<group>"; };
		49CF818B208936E4000A2902 /* BottomCollectionViewCell.swift */ = {isa = PBXFileReference; lastKnownFileType = sourcecode.swift; path = BottomCollectionViewCell.swift; sourceTree = "<group>"; };
		49CF818F208A8841000A2902 /* Section12BasicViewController.swift */ = {isa = PBXFileReference; lastKnownFileType = sourcecode.swift; path = Section12BasicViewController.swift; sourceTree = "<group>"; };
		49CF8192208D2980000A2902 /* TexiViewDelegate.swift */ = {isa = PBXFileReference; lastKnownFileType = sourcecode.swift; path = TexiViewDelegate.swift; sourceTree = "<group>"; };
		49E1C5C2209ACEEF00858C0F /* AlertViewController.swift */ = {isa = PBXFileReference; lastKnownFileType = sourcecode.swift; path = AlertViewController.swift; sourceTree = "<group>"; };
		49E1C5C7209AE28C00858C0F /* ImagePickerControllerViewController.swift */ = {isa = PBXFileReference; lastKnownFileType = sourcecode.swift; path = ImagePickerControllerViewController.swift; sourceTree = "<group>"; };
		A019C0DEA9AB23B0DBF83BE8 /* Pods-pro.debug.xcconfig */ = {isa = PBXFileReference; includeInIndex = 1; lastKnownFileType = text.xcconfig; name = "Pods-pro.debug.xcconfig"; path = "Pods/Target Support Files/Pods-pro/Pods-pro.debug.xcconfig"; sourceTree = "<group>"; };
		B756DBA5A84F0A4BF8464FCB /* Pods_pro.framework */ = {isa = PBXFileReference; explicitFileType = wrapper.framework; includeInIndex = 0; path = Pods_pro.framework; sourceTree = BUILT_PRODUCTS_DIR; };
/* End PBXFileReference section */

/* Begin PBXFrameworksBuildPhase section */
		499AB7F22073AD7D008694D8 /* Frameworks */ = {
			isa = PBXFrameworksBuildPhase;
			buildActionMask = 2147483647;
			files = (
				491CE712208E987F00D0E6F7 /* WebKit.framework in Frameworks */,
				EDFD32D276EB5533E061E355 /* Pods_pro.framework in Frameworks */,
			);
			runOnlyForDeploymentPostprocessing = 0;
		};
/* End PBXFrameworksBuildPhase section */

/* Begin PBXGroup section */
		49136235208FB5150070B861 /* S13ManageViewScreen */ = {
			isa = PBXGroup;
			children = (
				49136236208FB5730070B861 /* Section13ManageViewViewController.swift */,
				4913623920918E2F0070B861 /* SubViewController.swift */,
				4913623B209252BF0070B861 /* NavigationControllerScreen */,
				4913B0452096BB1C00C81EE7 /* TableViewControllerScreen */,
				4913B04C209806B900C81EE7 /* CollectionViewControllerScreen */,
				49278D2B209A88490025153E /* PageViewControllerScreen */,
				49E1C5C1209ACE8300858C0F /* AlertAndActionSheetViewControllerScreen */,
				49E1C5C6209AE16D00858C0F /* ImagePickerControllerScreen */,
				49136238208FB5800070B861 /* Views */,
			);
			path = S13ManageViewScreen;
			sourceTree = "<group>";
		};
		49136238208FB5800070B861 /* Views */ = {
			isa = PBXGroup;
			children = (
			);
			path = Views;
			sourceTree = "<group>";
		};
		4913623B209252BF0070B861 /* NavigationControllerScreen */ = {
			isa = PBXGroup;
			children = (
			);
			path = NavigationControllerScreen;
			sourceTree = "<group>";
		};
		4913B0452096BB1C00C81EE7 /* TableViewControllerScreen */ = {
			isa = PBXGroup;
			children = (
				4913B0462096BB3300C81EE7 /* TableViewController.swift */,
				4913B0482096BBC300C81EE7 /* TableViewControllerDataSourceAndDelegate.swift */,
				4913B04A2096C25700C81EE7 /* TableViewCell.swift */,
			);
			path = TableViewControllerScreen;
			sourceTree = "<group>";
		};
		4913B04C209806B900C81EE7 /* CollectionViewControllerScreen */ = {
			isa = PBXGroup;
			children = (
				4913B04D209806EE00C81EE7 /* CollectionViewController.swift */,
				4913B04F2098086200C81EE7 /* CollectionViewCell.swift */,
			);
			path = CollectionViewControllerScreen;
			sourceTree = "<group>";
		};
		491CE70D208E6AAC00D0E6F7 /* right1Area */ = {
			isa = PBXGroup;
			children = (
				49CF8191208D2960000A2902 /* TextView */,
			);
			path = right1Area;
			sourceTree = "<group>";
		};
		491CE70E208E6ABA00D0E6F7 /* right3Area */ = {
			isa = PBXGroup;
			children = (
				491CE70F208E6AED00D0E6F7 /* PickerViewDataSourceAndDelegate.swift */,
			);
			path = right3Area;
			sourceTree = "<group>";
		};
		49278D2B209A88490025153E /* PageViewControllerScreen */ = {
			isa = PBXGroup;
			children = (
				49278D29209A88420025153E /* PageViewController.swift */,
			);
			path = PageViewControllerScreen;
			sourceTree = "<group>";
		};
		499605A62087DA8E00377630 /* Config */ = {
			isa = PBXGroup;
			children = (
				499605A72087DAA600377630 /* Routes */,
			);
			path = Config;
			sourceTree = "<group>";
		};
		499605A72087DAA600377630 /* Routes */ = {
			isa = PBXGroup;
			children = (
			);
			path = Routes;
			sourceTree = "<group>";
		};
		499605AA2087DE0300377630 /* Drawing */ = {
			isa = PBXGroup;
			children = (
				499605AC2087DE6700377630 /* Common */,
				499605AB2087DE3700377630 /* StartScreen */,
			);
			path = Drawing;
			sourceTree = "<group>";
		};
		499605AB2087DE3700377630 /* StartScreen */ = {
			isa = PBXGroup;
			children = (
				499605AD2087DE9500377630 /* StartScreenDrawing.swift */,
			);
			path = StartScreen;
			sourceTree = "<group>";
		};
		499605AC2087DE6700377630 /* Common */ = {
			isa = PBXGroup;
			children = (
			);
			path = Common;
			sourceTree = "<group>";
		};
		499605B02087E2B100377630 /* Template */ = {
			isa = PBXGroup;
			children = (
				499605B12087E2D100377630 /* TemplateViewController.swift */,
			);
			path = Template;
			sourceTree = "<group>";
		};
		499605B420880FF600377630 /* Extensions */ = {
			isa = PBXGroup;
			children = (
				499605B62088103000377630 /* UIViewExtension.swift */,
			);
			path = Extensions;
			sourceTree = "<group>";
		};
		499605B52088100000377630 /* Protocols */ = {
			isa = PBXGroup;
			children = (
			);
			path = Protocols;
			sourceTree = "<group>";
		};
		499605BA2088497F00377630 /* TableView */ = {
			isa = PBXGroup;
			children = (
				499605B8208848D900377630 /* MiddleTableView.swift */,
				499605BB208849EE00377630 /* MiddleTableViewDataSource.swift */,
				499605BD208849FC00377630 /* MiddleTableViewDelegate.swift */,
				499605BF2088DC1D00377630 /* MiddleTableViewCell.swift */,
			);
			path = TableView;
			sourceTree = "<group>";
		};
		4996F7C72084F20E001F19DE /* Library */ = {
			isa = PBXGroup;
			children = (
				499605B52088100000377630 /* Protocols */,
				499605B420880FF600377630 /* Extensions */,
			);
			path = Library;
			sourceTree = "<group>";
		};
		4996F7C82084F23D001F19DE /* Vendor */ = {
			isa = PBXGroup;
			children = (
			);
			path = Vendor;
			sourceTree = "<group>";
		};
		4996F7C92084F24C001F19DE /* Models */ = {
			isa = PBXGroup;
			children = (
			);
			path = Models;
			sourceTree = "<group>";
		};
		4996F7CA2084F255001F19DE /* Views */ = {
			isa = PBXGroup;
			children = (
				4996F7E120867224001F19DE /* StartScreen */,
				4996F7E220867384001F19DE /* S11ViewScreen */,
				49CF818D208A87F2000A2902 /* S12UIControllerScreen */,
				49136235208FB5150070B861 /* S13ManageViewScreen */,
				499605B02087E2B100377630 /* Template */,
			);
			path = Views;
			sourceTree = "<group>";
		};
		4996F7CB2084F25D001F19DE /* ViewModels */ = {
			isa = PBXGroup;
			children = (
			);
			path = ViewModels;
			sourceTree = "<group>";
		};
		4996F7CC2084F2AE001F19DE /* Main */ = {
			isa = PBXGroup;
			children = (
				499AB7F82073AD7D008694D8 /* AppDelegate.swift */,
				499AB7FC2073AD7D008694D8 /* Main.storyboard */,
				499AB8012073AD7D008694D8 /* LaunchScreen.storyboard */,
			);
			path = Main;
			sourceTree = "<group>";
		};
		4996F7CD2084F2DE001F19DE /* Assets */ = {
			isa = PBXGroup;
			children = (
				499AB7FF2073AD7D008694D8 /* Assets.xcassets */,
				499605AA2087DE0300377630 /* Drawing */,
			);
			path = Assets;
			sourceTree = "<group>";
		};
		4996F7E120867224001F19DE /* StartScreen */ = {
			isa = PBXGroup;
			children = (
				499AB7FA2073AD7D008694D8 /* StartViewController.swift */,
				4996F7E320867396001F19DE /* Views */,
			);
			path = StartScreen;
			sourceTree = "<group>";
		};
		4996F7E220867384001F19DE /* S11ViewScreen */ = {
			isa = PBXGroup;
			children = (
				4996F7EE2086744E001F19DE /* Section11BasicViewController.swift */,
				4996F7E4208673A2001F19DE /* Views */,
			);
			path = S11ViewScreen;
			sourceTree = "<group>";
		};
		4996F7E320867396001F19DE /* Views */ = {
			isa = PBXGroup;
			children = (
			);
			path = Views;
			sourceTree = "<group>";
		};
		4996F7E4208673A2001F19DE /* Views */ = {
			isa = PBXGroup;
			children = (
				499605A82087DD8D00377630 /* TopAreaView.swift */,
				499605BA2088497F00377630 /* TableView */,
				49CF81852089304F000A2902 /* CollectionView */,
			);
			path = Views;
			sourceTree = "<group>";
		};
		499AB7EC2073AD7D008694D8 = {
			isa = PBXGroup;
			children = (
				499AB7F72073AD7D008694D8 /* pro */,
				499AB7F62073AD7D008694D8 /* Products */,
				87F4968EEE786B85C612C971 /* Pods */,
				9C2A32133D7E990B2DC673AA /* Frameworks */,
			);
			sourceTree = "<group>";
		};
		499AB7F62073AD7D008694D8 /* Products */ = {
			isa = PBXGroup;
			children = (
				499AB7F52073AD7D008694D8 /* pro.app */,
			);
			name = Products;
			sourceTree = "<group>";
		};
		499AB7F72073AD7D008694D8 /* pro */ = {
			isa = PBXGroup;
			children = (
				4996F7CC2084F2AE001F19DE /* Main */,
				4996F7CD2084F2DE001F19DE /* Assets */,
				4996F7CB2084F25D001F19DE /* ViewModels */,
				4996F7CA2084F255001F19DE /* Views */,
				4996F7C92084F24C001F19DE /* Models */,
				499605A62087DA8E00377630 /* Config */,
				4996F7C82084F23D001F19DE /* Vendor */,
				4996F7C72084F20E001F19DE /* Library */,
				499AB8042073AD7D008694D8 /* Info.plist */,
			);
			path = pro;
			sourceTree = "<group>";
		};
		49CF81852089304F000A2902 /* CollectionView */ = {
			isa = PBXGroup;
			children = (
				49CF818620893093000A2902 /* BottomCollectionView.swift */,
				49CF81892089326A000A2902 /* BottomCollectionViewDataSourceAndDelegate.swift */,
				49CF818B208936E4000A2902 /* BottomCollectionViewCell.swift */,
			);
			path = CollectionView;
			sourceTree = "<group>";
		};
		49CF818D208A87F2000A2902 /* S12UIControllerScreen */ = {
			isa = PBXGroup;
			children = (
				49CF818F208A8841000A2902 /* Section12BasicViewController.swift */,
				49CF818E208A882D000A2902 /* Views */,
			);
			path = S12UIControllerScreen;
			sourceTree = "<group>";
		};
		49CF818E208A882D000A2902 /* Views */ = {
			isa = PBXGroup;
			children = (
				491CE70D208E6AAC00D0E6F7 /* right1Area */,
				491CE70E208E6ABA00D0E6F7 /* right3Area */,
			);
			path = Views;
			sourceTree = "<group>";
		};
		49CF8191208D2960000A2902 /* TextView */ = {
			isa = PBXGroup;
			children = (
				49CF8192208D2980000A2902 /* TexiViewDelegate.swift */,
			);
			path = TextView;
			sourceTree = "<group>";
		};
		49E1C5C1209ACE8300858C0F /* AlertAndActionSheetViewControllerScreen */ = {
			isa = PBXGroup;
			children = (
				49E1C5C2209ACEEF00858C0F /* AlertViewController.swift */,
			);
			path = AlertAndActionSheetViewControllerScreen;
			sourceTree = "<group>";
		};
		49E1C5C6209AE16D00858C0F /* ImagePickerControllerScreen */ = {
			isa = PBXGroup;
			children = (
				49E1C5C7209AE28C00858C0F /* ImagePickerControllerViewController.swift */,
			);
			path = ImagePickerControllerScreen;
			sourceTree = "<group>";
		};
		87F4968EEE786B85C612C971 /* Pods */ = {
			isa = PBXGroup;
			children = (
				A019C0DEA9AB23B0DBF83BE8 /* Pods-pro.debug.xcconfig */,
				2D8D51D3D55F75AD1CA9D74A /* Pods-pro.release.xcconfig */,
			);
			name = Pods;
			sourceTree = "<group>";
		};
		9C2A32133D7E990B2DC673AA /* Frameworks */ = {
			isa = PBXGroup;
			children = (
				491CE711208E987F00D0E6F7 /* WebKit.framework */,
				B756DBA5A84F0A4BF8464FCB /* Pods_pro.framework */,
			);
			name = Frameworks;
			sourceTree = "<group>";
		};
/* End PBXGroup section */

/* Begin PBXNativeTarget section */
		499AB7F42073AD7D008694D8 /* pro */ = {
			isa = PBXNativeTarget;
			buildConfigurationList = 499AB8072073AD7D008694D8 /* Build configuration list for PBXNativeTarget "pro" */;
			buildPhases = (
				D6AEEBDFAEF114A6FED37E0B /* [CP] Check Pods Manifest.lock */,
				499AB7F12073AD7D008694D8 /* Sources */,
				499AB7F22073AD7D008694D8 /* Frameworks */,
				499AB7F32073AD7D008694D8 /* Resources */,
				9546BA66AA21E637BF1081A3 /* [CP] Embed Pods Frameworks */,
				A0EEF8B36CA1CB37ED6BD98D /* [CP] Copy Pods Resources */,
			);
			buildRules = (
			);
			dependencies = (
			);
			name = pro;
			productName = pro;
			productReference = 499AB7F52073AD7D008694D8 /* pro.app */;
			productType = "com.apple.product-type.application";
		};
/* End PBXNativeTarget section */

/* Begin PBXProject section */
		499AB7ED2073AD7D008694D8 /* Project object */ = {
			isa = PBXProject;
			attributes = {
				LastSwiftUpdateCheck = 0920;
				LastUpgradeCheck = 0920;
				ORGANIZATIONNAME = Weida;
				TargetAttributes = {
					499AB7F42073AD7D008694D8 = {
						CreatedOnToolsVersion = 9.2;
						LastSwiftMigration = 0920;
						ProvisioningStyle = Automatic;
					};
				};
			};
			buildConfigurationList = 499AB7F02073AD7D008694D8 /* Build configuration list for PBXProject "pro" */;
			compatibilityVersion = "Xcode 8.0";
			developmentRegion = en;
			hasScannedForEncodings = 0;
			knownRegions = (
				en,
				Base,
			);
			mainGroup = 499AB7EC2073AD7D008694D8;
			productRefGroup = 499AB7F62073AD7D008694D8 /* Products */;
			projectDirPath = "";
			projectRoot = "";
			targets = (
				499AB7F42073AD7D008694D8 /* pro */,
			);
		};
/* End PBXProject section */

/* Begin PBXResourcesBuildPhase section */
		499AB7F32073AD7D008694D8 /* Resources */ = {
			isa = PBXResourcesBuildPhase;
			buildActionMask = 2147483647;
			files = (
				499AB8032073AD7D008694D8 /* LaunchScreen.storyboard in Resources */,
				499AB8002073AD7D008694D8 /* Assets.xcassets in Resources */,
				499AB7FE2073AD7D008694D8 /* Main.storyboard in Resources */,
			);
			runOnlyForDeploymentPostprocessing = 0;
		};
/* End PBXResourcesBuildPhase section */

/* Begin PBXShellScriptBuildPhase section */
		9546BA66AA21E637BF1081A3 /* [CP] Embed Pods Frameworks */ = {
			isa = PBXShellScriptBuildPhase;
			buildActionMask = 2147483647;
			files = (
			);
			inputPaths = (
			);
			name = "[CP] Embed Pods Frameworks";
			outputPaths = (
			);
			runOnlyForDeploymentPostprocessing = 0;
			shellPath = /bin/sh;
			shellScript = "\"${SRCROOT}/Pods/Target Support Files/Pods-pro/Pods-pro-frameworks.sh\"\n";
			showEnvVarsInLog = 0;
		};
		A0EEF8B36CA1CB37ED6BD98D /* [CP] Copy Pods Resources */ = {
			isa = PBXShellScriptBuildPhase;
			buildActionMask = 2147483647;
			files = (
			);
			inputPaths = (
			);
			name = "[CP] Copy Pods Resources";
			outputPaths = (
			);
			runOnlyForDeploymentPostprocessing = 0;
			shellPath = /bin/sh;
			shellScript = "\"${SRCROOT}/Pods/Target Support Files/Pods-pro/Pods-pro-resources.sh\"\n";
			showEnvVarsInLog = 0;
		};
		D6AEEBDFAEF114A6FED37E0B /* [CP] Check Pods Manifest.lock */ = {
			isa = PBXShellScriptBuildPhase;
			buildActionMask = 2147483647;
			files = (
			);
			inputPaths = (
				"${PODS_PODFILE_DIR_PATH}/Podfile.lock",
				"${PODS_ROOT}/Manifest.lock",
			);
			name = "[CP] Check Pods Manifest.lock";
			outputPaths = (
				"$(DERIVED_FILE_DIR)/Pods-pro-checkManifestLockResult.txt",
			);
			runOnlyForDeploymentPostprocessing = 0;
			shellPath = /bin/sh;
			shellScript = "diff \"${PODS_PODFILE_DIR_PATH}/Podfile.lock\" \"${PODS_ROOT}/Manifest.lock\" > /dev/null\nif [ $? != 0 ] ; then\n    # print error to STDERR\n    echo \"error: The sandbox is not in sync with the Podfile.lock. Run 'pod install' or update your CocoaPods installation.\" >&2\n    exit 1\nfi\n# This output is used by Xcode 'outputs' to avoid re-running this script phase.\necho \"SUCCESS\" > \"${SCRIPT_OUTPUT_FILE_0}\"\n";
			showEnvVarsInLog = 0;
		};
/* End PBXShellScriptBuildPhase section */

/* Begin PBXSourcesBuildPhase section */
		499AB7F12073AD7D008694D8 /* Sources */ = {
			isa = PBXSourcesBuildPhase;
			buildActionMask = 2147483647;
			files = (
				49E1C5C8209AE28C00858C0F /* ImagePickerControllerViewController.swift in Sources */,
				4913B04E209806EE00C81EE7 /* CollectionViewController.swift in Sources */,
				499AB7FB2073AD7D008694D8 /* StartViewController.swift in Sources */,
				4913B0502098086200C81EE7 /* CollectionViewCell.swift in Sources */,
				49CF8193208D2980000A2902 /* TexiViewDelegate.swift in Sources */,
				49CF818C208936E4000A2902 /* BottomCollectionViewCell.swift in Sources */,
				4913B0472096BB3300C81EE7 /* TableViewController.swift in Sources */,
				49CF818720893093000A2902 /* BottomCollectionView.swift in Sources */,
				49136237208FB5740070B861 /* Section13ManageViewViewController.swift in Sources */,
				49CF8190208A8841000A2902 /* Section12BasicViewController.swift in Sources */,
				499AB7F92073AD7D008694D8 /* AppDelegate.swift in Sources */,
				49CF818A2089326A000A2902 /* BottomCollectionViewDataSourceAndDelegate.swift in Sources */,
				49E1C5C3209ACEEF00858C0F /* AlertViewController.swift in Sources */,
				49278D2A209A88420025153E /* PageViewController.swift in Sources */,
				499605C02088DC1D00377630 /* MiddleTableViewCell.swift in Sources */,
				499605B9208848D900377630 /* MiddleTableView.swift in Sources */,
				491CE710208E6AED00D0E6F7 /* PickerViewDataSourceAndDelegate.swift in Sources */,
				4913B0492096BBC300C81EE7 /* TableViewControllerDataSourceAndDelegate.swift in Sources */,
				499605B22087E2D100377630 /* TemplateViewController.swift in Sources */,
				4996F7EF2086744E001F19DE /* Section11BasicViewController.swift in Sources */,
				499605B72088103000377630 /* UIViewExtension.swift in Sources */,
				499605A92087DD8D00377630 /* TopAreaView.swift in Sources */,
				4913B04B2096C25700C81EE7 /* TableViewCell.swift in Sources */,
				499605BE208849FC00377630 /* MiddleTableViewDelegate.swift in Sources */,
				4913623A20918E2F0070B861 /* SubViewController.swift in Sources */,
				499605AE2087DE9500377630 /* StartScreenDrawing.swift in Sources */,
				499605BC208849EE00377630 /* MiddleTableViewDataSource.swift in Sources */,
			);
			runOnlyForDeploymentPostprocessing = 0;
		};
/* End PBXSourcesBuildPhase section */

/* Begin PBXVariantGroup section */
		499AB7FC2073AD7D008694D8 /* Main.storyboard */ = {
			isa = PBXVariantGroup;
			children = (
				499AB7FD2073AD7D008694D8 /* Base */,
			);
			name = Main.storyboard;
			sourceTree = "<group>";
		};
		499AB8012073AD7D008694D8 /* LaunchScreen.storyboard */ = {
			isa = PBXVariantGroup;
			children = (
				499AB8022073AD7D008694D8 /* Base */,
			);
			name = LaunchScreen.storyboard;
			sourceTree = "<group>";
		};
/* End PBXVariantGroup section */

/* Begin XCBuildConfiguration section */
		499AB8052073AD7D008694D8 /* Debug */ = {
			isa = XCBuildConfiguration;
			buildSettings = {
				ALWAYS_SEARCH_USER_PATHS = NO;
				CLANG_ANALYZER_NONNULL = YES;
				CLANG_ANALYZER_NUMBER_OBJECT_CONVERSION = YES_AGGRESSIVE;
				CLANG_CXX_LANGUAGE_STANDARD = "gnu++14";
				CLANG_CXX_LIBRARY = "libc++";
				CLANG_ENABLE_MODULES = YES;
				CLANG_ENABLE_OBJC_ARC = YES;
				CLANG_WARN_BLOCK_CAPTURE_AUTORELEASING = YES;
				CLANG_WARN_BOOL_CONVERSION = YES;
				CLANG_WARN_COMMA = YES;
				CLANG_WARN_CONSTANT_CONVERSION = YES;
				CLANG_WARN_DIRECT_OBJC_ISA_USAGE = YES_ERROR;
				CLANG_WARN_DOCUMENTATION_COMMENTS = YES;
				CLANG_WARN_EMPTY_BODY = YES;
				CLANG_WARN_ENUM_CONVERSION = YES;
				CLANG_WARN_INFINITE_RECURSION = YES;
				CLANG_WARN_INT_CONVERSION = YES;
				CLANG_WARN_NON_LITERAL_NULL_CONVERSION = YES;
				CLANG_WARN_OBJC_LITERAL_CONVERSION = YES;
				CLANG_WARN_OBJC_ROOT_CLASS = YES_ERROR;
				CLANG_WARN_RANGE_LOOP_ANALYSIS = YES;
				CLANG_WARN_STRICT_PROTOTYPES = YES;
				CLANG_WARN_SUSPICIOUS_MOVE = YES;
				CLANG_WARN_UNGUARDED_AVAILABILITY = YES_AGGRESSIVE;
				CLANG_WARN_UNREACHABLE_CODE = YES;
				CLANG_WARN__DUPLICATE_METHOD_MATCH = YES;
				CODE_SIGN_IDENTITY = "iPhone Developer";
				COPY_PHASE_STRIP = NO;
				DEBUG_INFORMATION_FORMAT = dwarf;
				ENABLE_STRICT_OBJC_MSGSEND = YES;
				ENABLE_TESTABILITY = YES;
				GCC_C_LANGUAGE_STANDARD = gnu11;
				GCC_DYNAMIC_NO_PIC = NO;
				GCC_NO_COMMON_BLOCKS = YES;
				GCC_OPTIMIZATION_LEVEL = 0;
				GCC_PREPROCESSOR_DEFINITIONS = (
					"DEBUG=1",
					"$(inherited)",
				);
				GCC_WARN_64_TO_32_BIT_CONVERSION = YES;
				GCC_WARN_ABOUT_RETURN_TYPE = YES_ERROR;
				GCC_WARN_UNDECLARED_SELECTOR = YES;
				GCC_WARN_UNINITIALIZED_AUTOS = YES_AGGRESSIVE;
				GCC_WARN_UNUSED_FUNCTION = YES;
				GCC_WARN_UNUSED_VARIABLE = YES;
				IPHONEOS_DEPLOYMENT_TARGET = 11.2;
				MTL_ENABLE_DEBUG_INFO = YES;
				ONLY_ACTIVE_ARCH = YES;
				SDKROOT = iphoneos;
				SWIFT_ACTIVE_COMPILATION_CONDITIONS = DEBUG;
				SWIFT_OPTIMIZATION_LEVEL = "-Onone";
			};
			name = Debug;
		};
		499AB8062073AD7D008694D8 /* Release */ = {
			isa = XCBuildConfiguration;
			buildSettings = {
				ALWAYS_SEARCH_USER_PATHS = NO;
				CLANG_ANALYZER_NONNULL = YES;
				CLANG_ANALYZER_NUMBER_OBJECT_CONVERSION = YES_AGGRESSIVE;
				CLANG_CXX_LANGUAGE_STANDARD = "gnu++14";
				CLANG_CXX_LIBRARY = "libc++";
				CLANG_ENABLE_MODULES = YES;
				CLANG_ENABLE_OBJC_ARC = YES;
				CLANG_WARN_BLOCK_CAPTURE_AUTORELEASING = YES;
				CLANG_WARN_BOOL_CONVERSION = YES;
				CLANG_WARN_COMMA = YES;
				CLANG_WARN_CONSTANT_CONVERSION = YES;
				CLANG_WARN_DIRECT_OBJC_ISA_USAGE = YES_ERROR;
				CLANG_WARN_DOCUMENTATION_COMMENTS = YES;
				CLANG_WARN_EMPTY_BODY = YES;
				CLANG_WARN_ENUM_CONVERSION = YES;
				CLANG_WARN_INFINITE_RECURSION = YES;
				CLANG_WARN_INT_CONVERSION = YES;
				CLANG_WARN_NON_LITERAL_NULL_CONVERSION = YES;
				CLANG_WARN_OBJC_LITERAL_CONVERSION = YES;
				CLANG_WARN_OBJC_ROOT_CLASS = YES_ERROR;
				CLANG_WARN_RANGE_LOOP_ANALYSIS = YES;
				CLANG_WARN_STRICT_PROTOTYPES = YES;
				CLANG_WARN_SUSPICIOUS_MOVE = YES;
				CLANG_WARN_UNGUARDED_AVAILABILITY = YES_AGGRESSIVE;
				CLANG_WARN_UNREACHABLE_CODE = YES;
				CLANG_WARN__DUPLICATE_METHOD_MATCH = YES;
				CODE_SIGN_IDENTITY = "iPhone Developer";
				COPY_PHASE_STRIP = NO;
				DEBUG_INFORMATION_FORMAT = "dwarf-with-dsym";
				ENABLE_NS_ASSERTIONS = NO;
				ENABLE_STRICT_OBJC_MSGSEND = YES;
				GCC_C_LANGUAGE_STANDARD = gnu11;
				GCC_NO_COMMON_BLOCKS = YES;
				GCC_WARN_64_TO_32_BIT_CONVERSION = YES;
				GCC_WARN_ABOUT_RETURN_TYPE = YES_ERROR;
				GCC_WARN_UNDECLARED_SELECTOR = YES;
				GCC_WARN_UNINITIALIZED_AUTOS = YES_AGGRESSIVE;
				GCC_WARN_UNUSED_FUNCTION = YES;
				GCC_WARN_UNUSED_VARIABLE = YES;
				IPHONEOS_DEPLOYMENT_TARGET = 11.2;
				MTL_ENABLE_DEBUG_INFO = NO;
				SDKROOT = iphoneos;
				SWIFT_OPTIMIZATION_LEVEL = "-Owholemodule";
				VALIDATE_PRODUCT = YES;
			};
			name = Release;
		};
		499AB8082073AD7D008694D8 /* Debug */ = {
			isa = XCBuildConfiguration;
			baseConfigurationReference = A019C0DEA9AB23B0DBF83BE8 /* Pods-pro.debug.xcconfig */;
			buildSettings = {
				ASSETCATALOG_COMPILER_APPICON_NAME = AppIcon;
				CLANG_ENABLE_MODULES = YES;
				CODE_SIGN_STYLE = Automatic;
				DEVELOPMENT_TEAM = LG37524TU4;
				INFOPLIST_FILE = pro/Info.plist;
				LD_RUNPATH_SEARCH_PATHS = "$(inherited) @executable_path/Frameworks";
				PRODUCT_BUNDLE_IDENTIFIER = Weida.pro;
				PRODUCT_NAME = "$(TARGET_NAME)";
				SWIFT_OPTIMIZATION_LEVEL = "-Onone";
				SWIFT_VERSION = 4.0;
				TARGETED_DEVICE_FAMILY = "1,2";
			};
			name = Debug;
		};
		499AB8092073AD7D008694D8 /* Release */ = {
			isa = XCBuildConfiguration;
			baseConfigurationReference = 2D8D51D3D55F75AD1CA9D74A /* Pods-pro.release.xcconfig */;
			buildSettings = {
				ASSETCATALOG_COMPILER_APPICON_NAME = AppIcon;
				CLANG_ENABLE_MODULES = YES;
				CODE_SIGN_STYLE = Automatic;
				DEVELOPMENT_TEAM = LG37524TU4;
				INFOPLIST_FILE = pro/Info.plist;
				LD_RUNPATH_SEARCH_PATHS = "$(inherited) @executable_path/Frameworks";
				PRODUCT_BUNDLE_IDENTIFIER = Weida.pro;
				PRODUCT_NAME = "$(TARGET_NAME)";
				SWIFT_VERSION = 4.0;
				TARGETED_DEVICE_FAMILY = "1,2";
			};
			name = Release;
		};
/* End XCBuildConfiguration section */

/* Begin XCConfigurationList section */
		499AB7F02073AD7D008694D8 /* Build configuration list for PBXProject "pro" */ = {
			isa = XCConfigurationList;
			buildConfigurations = (
				499AB8052073AD7D008694D8 /* Debug */,
				499AB8062073AD7D008694D8 /* Release */,
			);
			defaultConfigurationIsVisible = 0;
			defaultConfigurationName = Release;
		};
		499AB8072073AD7D008694D8 /* Build configuration list for PBXNativeTarget "pro" */ = {
			isa = XCConfigurationList;
			buildConfigurations = (
				499AB8082073AD7D008694D8 /* Debug */,
				499AB8092073AD7D008694D8 /* Release */,
			);
			defaultConfigurationIsVisible = 0;
			defaultConfigurationName = Release;
		};
/* End XCConfigurationList section */
	};
	rootObject = 499AB7ED2073AD7D008694D8 /* Project object */;
}
