// !$*UTF8*$!
{
	archiveVersion = 1;
	classes = {
	};
	objectVersion = 46;
	objects = {

/* Begin PBXBuildFile section */
		3712CA251F3AAC480049DC61 /* TableViewCell.swift in Sources */ = {isa = PBXBuildFile; fileRef = 3712CA231F3AAC480049DC61 /* TableViewCell.swift */; };
		3712CA261F3AAC480049DC61 /* TableViewController.swift in Sources */ = {isa = PBXBuildFile; fileRef = 3712CA241F3AAC480049DC61 /* TableViewController.swift */; };
		3718971A1F39778700BDDFEE /* PopMenuDemoTests.swift in Sources */ = {isa = PBXBuildFile; fileRef = 371897191F39778700BDDFEE /* PopMenuDemoTests.swift */; };
		371897251F39778700BDDFEE /* PopMenuDemoUITests.swift in Sources */ = {isa = PBXBuildFile; fileRef = 371897241F39778700BDDFEE /* PopMenuDemoUITests.swift */; };
		371897401F39781A00BDDFEE /* Assets.xcassets in Resources */ = {isa = PBXBuildFile; fileRef = 371897371F39781A00BDDFEE /* Assets.xcassets */; };
		371897411F39781A00BDDFEE /* LaunchScreen.storyboard in Resources */ = {isa = PBXBuildFile; fileRef = 371897381F39781A00BDDFEE /* LaunchScreen.storyboard */; };
		371897421F39781A00BDDFEE /* Main.storyboard in Resources */ = {isa = PBXBuildFile; fileRef = 3718973A1F39781A00BDDFEE /* Main.storyboard */; };
		371897431F39781A00BDDFEE /* AppDelegate.swift in Sources */ = {isa = PBXBuildFile; fileRef = 3718973D1F39781A00BDDFEE /* AppDelegate.swift */; };
		371897441F39781A00BDDFEE /* ViewController.swift in Sources */ = {isa = PBXBuildFile; fileRef = 3718973F1F39781A00BDDFEE /* ViewController.swift */; };
		371897461F39788B00BDDFEE /* PopMenuTest1.swift in Sources */ = {isa = PBXBuildFile; fileRef = 371897451F39788B00BDDFEE /* PopMenuTest1.swift */; };
		371897481F39A36200BDDFEE /* PopMenuTest2.swift in Sources */ = {isa = PBXBuildFile; fileRef = 371897471F39A36200BDDFEE /* PopMenuTest2.swift */; };
		D491657874BBAAE54C879C5C /* Pods_PopMenuDemo.framework in Frameworks */ = {isa = PBXBuildFile; fileRef = 0DE6D7046657CA7746F7F020 /* Pods_PopMenuDemo.framework */; };
/* End PBXBuildFile section */

/* Begin PBXContainerItemProxy section */
		371897161F39778700BDDFEE /* PBXContainerItemProxy */ = {
			isa = PBXContainerItemProxy;
			containerPortal = 371896F91F39778600BDDFEE /* Project object */;
			proxyType = 1;
			remoteGlobalIDString = 371897001F39778600BDDFEE;
			remoteInfo = PopMenuDemo;
		};
		371897211F39778700BDDFEE /* PBXContainerItemProxy */ = {
			isa = PBXContainerItemProxy;
			containerPortal = 371896F91F39778600BDDFEE /* Project object */;
			proxyType = 1;
			remoteGlobalIDString = 371897001F39778600BDDFEE;
			remoteInfo = PopMenuDemo;
		};
/* End PBXContainerItemProxy section */

/* Begin PBXFileReference section */
		0DE6D7046657CA7746F7F020 /* Pods_PopMenuDemo.framework */ = {isa = PBXFileReference; explicitFileType = wrapper.framework; includeInIndex = 0; path = Pods_PopMenuDemo.framework; sourceTree = BUILT_PRODUCTS_DIR; };
		3712CA231F3AAC480049DC61 /* TableViewCell.swift */ = {isa = PBXFileReference; fileEncoding = 4; lastKnownFileType = sourcecode.swift; path = TableViewCell.swift; sourceTree = "<group>"; };
		3712CA241F3AAC480049DC61 /* TableViewController.swift */ = {isa = PBXFileReference; fileEncoding = 4; lastKnownFileType = sourcecode.swift; path = TableViewController.swift; sourceTree = "<group>"; };
		371897011F39778600BDDFEE /* PopMenuDemo.app */ = {isa = PBXFileReference; explicitFileType = wrapper.application; includeInIndex = 0; path = PopMenuDemo.app; sourceTree = BUILT_PRODUCTS_DIR; };
		371897101F39778600BDDFEE /* Info.plist */ = {isa = PBXFileReference; lastKnownFileType = text.plist.xml; name = Info.plist; path = PopMenuDemo/Info.plist; sourceTree = "<group>"; };
		371897151F39778700BDDFEE /* PopMenuDemoTests.xctest */ = {isa = PBXFileReference; explicitFileType = wrapper.cfbundle; includeInIndex = 0; path = PopMenuDemoTests.xctest; sourceTree = BUILT_PRODUCTS_DIR; };
		371897191F39778700BDDFEE /* PopMenuDemoTests.swift */ = {isa = PBXFileReference; lastKnownFileType = sourcecode.swift; path = PopMenuDemoTests.swift; sourceTree = "<group>"; };
		3718971B1F39778700BDDFEE /* Info.plist */ = {isa = PBXFileReference; lastKnownFileType = text.plist.xml; path = Info.plist; sourceTree = "<group>"; };
		371897201F39778700BDDFEE /* PopMenuDemoUITests.xctest */ = {isa = PBXFileReference; explicitFileType = wrapper.cfbundle; includeInIndex = 0; path = PopMenuDemoUITests.xctest; sourceTree = BUILT_PRODUCTS_DIR; };
		371897241F39778700BDDFEE /* PopMenuDemoUITests.swift */ = {isa = PBXFileReference; lastKnownFileType = sourcecode.swift; path = PopMenuDemoUITests.swift; sourceTree = "<group>"; };
		371897261F39778700BDDFEE /* Info.plist */ = {isa = PBXFileReference; lastKnownFileType = text.plist.xml; path = Info.plist; sourceTree = "<group>"; };
		371897371F39781A00BDDFEE /* Assets.xcassets */ = {isa = PBXFileReference; lastKnownFileType = folder.assetcatalog; path = Assets.xcassets; sourceTree = "<group>"; };
		371897391F39781A00BDDFEE /* Base */ = {isa = PBXFileReference; lastKnownFileType = file.storyboard; name = Base; path = Base.lproj/LaunchScreen.storyboard; sourceTree = "<group>"; };
		3718973B1F39781A00BDDFEE /* Base */ = {isa = PBXFileReference; lastKnownFileType = file.storyboard; name = Base; path = Base.lproj/Main.storyboard; sourceTree = "<group>"; };
		3718973D1F39781A00BDDFEE /* AppDelegate.swift */ = {isa = PBXFileReference; fileEncoding = 4; lastKnownFileType = sourcecode.swift; path = AppDelegate.swift; sourceTree = "<group>"; };
		3718973F1F39781A00BDDFEE /* ViewController.swift */ = {isa = PBXFileReference; fileEncoding = 4; lastKnownFileType = sourcecode.swift; path = ViewController.swift; sourceTree = "<group>"; };
		371897451F39788B00BDDFEE /* PopMenuTest1.swift */ = {isa = PBXFileReference; fileEncoding = 4; lastKnownFileType = sourcecode.swift; path = PopMenuTest1.swift; sourceTree = "<group>"; };
		371897471F39A36200BDDFEE /* PopMenuTest2.swift */ = {isa = PBXFileReference; fileEncoding = 4; lastKnownFileType = sourcecode.swift; path = PopMenuTest2.swift; sourceTree = "<group>"; };
		92F69F098EC62034F9A56F19 /* Pods-PopMenuDemo.debug.xcconfig */ = {isa = PBXFileReference; includeInIndex = 1; lastKnownFileType = text.xcconfig; name = "Pods-PopMenuDemo.debug.xcconfig"; path = "Pods/Target Support Files/Pods-PopMenuDemo/Pods-PopMenuDemo.debug.xcconfig"; sourceTree = "<group>"; };
		F7AF9B2F0CC91AD978B19F66 /* Pods-PopMenuDemo.release.xcconfig */ = {isa = PBXFileReference; includeInIndex = 1; lastKnownFileType = text.xcconfig; name = "Pods-PopMenuDemo.release.xcconfig"; path = "Pods/Target Support Files/Pods-PopMenuDemo/Pods-PopMenuDemo.release.xcconfig"; sourceTree = "<group>"; };
/* End PBXFileReference section */

/* Begin PBXFrameworksBuildPhase section */
		371896FE1F39778600BDDFEE /* Frameworks */ = {
			isa = PBXFrameworksBuildPhase;
			buildActionMask = 2147483647;
			files = (
				D491657874BBAAE54C879C5C /* Pods_PopMenuDemo.framework in Frameworks */,
			);
			runOnlyForDeploymentPostprocessing = 0;
		};
		371897121F39778700BDDFEE /* Frameworks */ = {
			isa = PBXFrameworksBuildPhase;
			buildActionMask = 2147483647;
			files = (
			);
			runOnlyForDeploymentPostprocessing = 0;
		};
		3718971D1F39778700BDDFEE /* Frameworks */ = {
			isa = PBXFrameworksBuildPhase;
			buildActionMask = 2147483647;
			files = (
			);
			runOnlyForDeploymentPostprocessing = 0;
		};
/* End PBXFrameworksBuildPhase section */

/* Begin PBXGroup section */
		3712CA221F3AAC480049DC61 /* TableView */ = {
			isa = PBXGroup;
			children = (
				3712CA231F3AAC480049DC61 /* TableViewCell.swift */,
				3712CA241F3AAC480049DC61 /* TableViewController.swift */,
			);
			path = TableView;
			sourceTree = "<group>";
		};
		371896F81F39778600BDDFEE = {
			isa = PBXGroup;
			children = (
				371897101F39778600BDDFEE /* Info.plist */,
				371897361F39781A00BDDFEE /* Resource */,
				3718973C1F39781A00BDDFEE /* Source */,
				371897031F39778600BDDFEE /* PopMenuDemo */,
				371897181F39778700BDDFEE /* PopMenuDemoTests */,
				371897231F39778700BDDFEE /* PopMenuDemoUITests */,
				371897021F39778600BDDFEE /* Products */,
				9D30915AEB30E18315E121F6 /* Pods */,
				A4836FFD052D4B1082651E97 /* Frameworks */,
			);
			sourceTree = "<group>";
		};
		371897021F39778600BDDFEE /* Products */ = {
			isa = PBXGroup;
			children = (
				371897011F39778600BDDFEE /* PopMenuDemo.app */,
				371897151F39778700BDDFEE /* PopMenuDemoTests.xctest */,
				371897201F39778700BDDFEE /* PopMenuDemoUITests.xctest */,
			);
			name = Products;
			sourceTree = "<group>";
		};
		371897031F39778600BDDFEE /* PopMenuDemo */ = {
			isa = PBXGroup;
			children = (
			);
			path = PopMenuDemo;
			sourceTree = "<group>";
		};
		371897181F39778700BDDFEE /* PopMenuDemoTests */ = {
			isa = PBXGroup;
			children = (
				371897191F39778700BDDFEE /* PopMenuDemoTests.swift */,
				3718971B1F39778700BDDFEE /* Info.plist */,
			);
			path = PopMenuDemoTests;
			sourceTree = "<group>";
		};
		371897231F39778700BDDFEE /* PopMenuDemoUITests */ = {
			isa = PBXGroup;
			children = (
				371897241F39778700BDDFEE /* PopMenuDemoUITests.swift */,
				371897261F39778700BDDFEE /* Info.plist */,
			);
			path = PopMenuDemoUITests;
			sourceTree = "<group>";
		};
		371897361F39781A00BDDFEE /* Resource */ = {
			isa = PBXGroup;
			children = (
				371897371F39781A00BDDFEE /* Assets.xcassets */,
				371897381F39781A00BDDFEE /* LaunchScreen.storyboard */,
				3718973A1F39781A00BDDFEE /* Main.storyboard */,
			);
			name = Resource;
			path = PopMenuDemo/Resource;
			sourceTree = "<group>";
		};
		3718973C1F39781A00BDDFEE /* Source */ = {
			isa = PBXGroup;
			children = (
				3718973D1F39781A00BDDFEE /* AppDelegate.swift */,
				3718973E1F39781A00BDDFEE /* Controller */,
			);
			name = Source;
			path = PopMenuDemo/Source;
			sourceTree = "<group>";
		};
		3718973E1F39781A00BDDFEE /* Controller */ = {
			isa = PBXGroup;
			children = (
				3712CA221F3AAC480049DC61 /* TableView */,
				3718973F1F39781A00BDDFEE /* ViewController.swift */,
				371897451F39788B00BDDFEE /* PopMenuTest1.swift */,
				371897471F39A36200BDDFEE /* PopMenuTest2.swift */,
			);
			path = Controller;
			sourceTree = "<group>";
		};
		9D30915AEB30E18315E121F6 /* Pods */ = {
			isa = PBXGroup;
			children = (
				92F69F098EC62034F9A56F19 /* Pods-PopMenuDemo.debug.xcconfig */,
				F7AF9B2F0CC91AD978B19F66 /* Pods-PopMenuDemo.release.xcconfig */,
			);
			name = Pods;
			sourceTree = "<group>";
		};
		A4836FFD052D4B1082651E97 /* Frameworks */ = {
			isa = PBXGroup;
			children = (
				0DE6D7046657CA7746F7F020 /* Pods_PopMenuDemo.framework */,
			);
			name = Frameworks;
			sourceTree = "<group>";
		};
/* End PBXGroup section */

/* Begin PBXNativeTarget section */
		371897001F39778600BDDFEE /* PopMenuDemo */ = {
			isa = PBXNativeTarget;
			buildConfigurationList = 371897291F39778700BDDFEE /* Build configuration list for PBXNativeTarget "PopMenuDemo" */;
			buildPhases = (
				EAD97603A7876818ABEC6187 /* [CP] Check Pods Manifest.lock */,
				371896FD1F39778600BDDFEE /* Sources */,
				371896FE1F39778600BDDFEE /* Frameworks */,
				371896FF1F39778600BDDFEE /* Resources */,
				A822C2BEE020391E83938932 /* [CP] Embed Pods Frameworks */,
				C218996C0B5A00ED2180D479 /* [CP] Copy Pods Resources */,
			);
			buildRules = (
			);
			dependencies = (
			);
			name = PopMenuDemo;
			productName = PopMenuDemo;
			productReference = 371897011F39778600BDDFEE /* PopMenuDemo.app */;
			productType = "com.apple.product-type.application";
		};
		371897141F39778700BDDFEE /* PopMenuDemoTests */ = {
			isa = PBXNativeTarget;
			buildConfigurationList = 3718972C1F39778700BDDFEE /* Build configuration list for PBXNativeTarget "PopMenuDemoTests" */;
			buildPhases = (
				371897111F39778700BDDFEE /* Sources */,
				371897121F39778700BDDFEE /* Frameworks */,
				371897131F39778700BDDFEE /* Resources */,
			);
			buildRules = (
			);
			dependencies = (
				371897171F39778700BDDFEE /* PBXTargetDependency */,
			);
			name = PopMenuDemoTests;
			productName = PopMenuDemoTests;
			productReference = 371897151F39778700BDDFEE /* PopMenuDemoTests.xctest */;
			productType = "com.apple.product-type.bundle.unit-test";
		};
		3718971F1F39778700BDDFEE /* PopMenuDemoUITests */ = {
			isa = PBXNativeTarget;
			buildConfigurationList = 3718972F1F39778700BDDFEE /* Build configuration list for PBXNativeTarget "PopMenuDemoUITests" */;
			buildPhases = (
				3718971C1F39778700BDDFEE /* Sources */,
				3718971D1F39778700BDDFEE /* Frameworks */,
				3718971E1F39778700BDDFEE /* Resources */,
			);
			buildRules = (
			);
			dependencies = (
				371897221F39778700BDDFEE /* PBXTargetDependency */,
			);
			name = PopMenuDemoUITests;
			productName = PopMenuDemoUITests;
			productReference = 371897201F39778700BDDFEE /* PopMenuDemoUITests.xctest */;
			productType = "com.apple.product-type.bundle.ui-testing";
		};
/* End PBXNativeTarget section */

/* Begin PBXProject section */
		371896F91F39778600BDDFEE /* Project object */ = {
			isa = PBXProject;
			attributes = {
				LastSwiftUpdateCheck = 0830;
				LastUpgradeCheck = 0830;
				ORGANIZATIONNAME = "Weida Xu";
				TargetAttributes = {
					371897001F39778600BDDFEE = {
						CreatedOnToolsVersion = 8.3.3;
						DevelopmentTeam = LG37524TU4;
						ProvisioningStyle = Automatic;
					};
					371897141F39778700BDDFEE = {
						CreatedOnToolsVersion = 8.3.3;
						DevelopmentTeam = LG37524TU4;
						ProvisioningStyle = Automatic;
						TestTargetID = 371897001F39778600BDDFEE;
					};
					3718971F1F39778700BDDFEE = {
						CreatedOnToolsVersion = 8.3.3;
						DevelopmentTeam = LG37524TU4;
						ProvisioningStyle = Automatic;
						TestTargetID = 371897001F39778600BDDFEE;
					};
				};
			};
			buildConfigurationList = 371896FC1F39778600BDDFEE /* Build configuration list for PBXProject "PopMenuDemo" */;
			compatibilityVersion = "Xcode 3.2";
			developmentRegion = English;
			hasScannedForEncodings = 0;
			knownRegions = (
				en,
				Base,
			);
			mainGroup = 371896F81F39778600BDDFEE;
			productRefGroup = 371897021F39778600BDDFEE /* Products */;
			projectDirPath = "";
			projectRoot = "";
			targets = (
				371897001F39778600BDDFEE /* PopMenuDemo */,
				371897141F39778700BDDFEE /* PopMenuDemoTests */,
				3718971F1F39778700BDDFEE /* PopMenuDemoUITests */,
			);
		};
/* End PBXProject section */

/* Begin PBXResourcesBuildPhase section */
		371896FF1F39778600BDDFEE /* Resources */ = {
			isa = PBXResourcesBuildPhase;
			buildActionMask = 2147483647;
			files = (
				371897401F39781A00BDDFEE /* Assets.xcassets in Resources */,
				371897421F39781A00BDDFEE /* Main.storyboard in Resources */,
				371897411F39781A00BDDFEE /* LaunchScreen.storyboard in Resources */,
			);
			runOnlyForDeploymentPostprocessing = 0;
		};
		371897131F39778700BDDFEE /* Resources */ = {
			isa = PBXResourcesBuildPhase;
			buildActionMask = 2147483647;
			files = (
			);
			runOnlyForDeploymentPostprocessing = 0;
		};
		3718971E1F39778700BDDFEE /* Resources */ = {
			isa = PBXResourcesBuildPhase;
			buildActionMask = 2147483647;
			files = (
			);
			runOnlyForDeploymentPostprocessing = 0;
		};
/* End PBXResourcesBuildPhase section */

/* Begin PBXShellScriptBuildPhase section */
		A822C2BEE020391E83938932 /* [CP] Embed Pods Frameworks */ = {
			isa = PBXShellScriptBuildPhase;
			buildActionMask = 2147483647;
			files = (
			);
			inputPaths = (
				"${SRCROOT}/Pods/Target Support Files/Pods-PopMenuDemo/Pods-PopMenuDemo-frameworks.sh",
				"${BUILT_PRODUCTS_DIR}/PureLayout/PureLayout.framework",
				"${BUILT_PRODUCTS_DIR}/SideMenu/SideMenu.framework",
				"${BUILT_PRODUCTS_DIR}/SwiftPopMenu/SwiftPopMenu.framework",
			);
			name = "[CP] Embed Pods Frameworks";
			outputPaths = (
				"${TARGET_BUILD_DIR}/${FRAMEWORKS_FOLDER_PATH}/PureLayout.framework",
				"${TARGET_BUILD_DIR}/${FRAMEWORKS_FOLDER_PATH}/SideMenu.framework",
				"${TARGET_BUILD_DIR}/${FRAMEWORKS_FOLDER_PATH}/SwiftPopMenu.framework",
			);
			runOnlyForDeploymentPostprocessing = 0;
			shellPath = /bin/sh;
			shellScript = "\"${SRCROOT}/Pods/Target Support Files/Pods-PopMenuDemo/Pods-PopMenuDemo-frameworks.sh\"\n";
			showEnvVarsInLog = 0;
		};
		C218996C0B5A00ED2180D479 /* [CP] Copy Pods Resources */ = {
			isa = PBXShellScriptBuildPhase;
			buildActionMask = 2147483647;
			files = (
			);
			inputPaths = (
			);
			name = "[CP] Copy Pods Resources";
			outputPaths = (
			);
			runOnlyForDeploymentPostprocessing = 0;
			shellPath = /bin/sh;
			shellScript = "\"${SRCROOT}/Pods/Target Support Files/Pods-PopMenuDemo/Pods-PopMenuDemo-resources.sh\"\n";
			showEnvVarsInLog = 0;
		};
		EAD97603A7876818ABEC6187 /* [CP] Check Pods Manifest.lock */ = {
			isa = PBXShellScriptBuildPhase;
			buildActionMask = 2147483647;
			files = (
			);
			inputPaths = (
				"${PODS_PODFILE_DIR_PATH}/Podfile.lock",
				"${PODS_ROOT}/Manifest.lock",
			);
			name = "[CP] Check Pods Manifest.lock";
			outputPaths = (
				"$(DERIVED_FILE_DIR)/Pods-PopMenuDemo-checkManifestLockResult.txt",
			);
			runOnlyForDeploymentPostprocessing = 0;
			shellPath = /bin/sh;
			shellScript = "diff \"${PODS_PODFILE_DIR_PATH}/Podfile.lock\" \"${PODS_ROOT}/Manifest.lock\" > /dev/null\nif [ $? != 0 ] ; then\n    # print error to STDERR\n    echo \"error: The sandbox is not in sync with the Podfile.lock. Run 'pod install' or update your CocoaPods installation.\" >&2\n    exit 1\nfi\n# This output is used by Xcode 'outputs' to avoid re-running this script phase.\necho \"SUCCESS\" > \"${SCRIPT_OUTPUT_FILE_0}\"\n";
			showEnvVarsInLog = 0;
		};
/* End PBXShellScriptBuildPhase section */

/* Begin PBXSourcesBuildPhase section */
		371896FD1F39778600BDDFEE /* Sources */ = {
			isa = PBXSourcesBuildPhase;
			buildActionMask = 2147483647;
			files = (
				3712CA251F3AAC480049DC61 /* TableViewCell.swift in Sources */,
				3712CA261F3AAC480049DC61 /* TableViewController.swift in Sources */,
				371897431F39781A00BDDFEE /* AppDelegate.swift in Sources */,
				371897441F39781A00BDDFEE /* ViewController.swift in Sources */,
				371897461F39788B00BDDFEE /* PopMenuTest1.swift in Sources */,
				371897481F39A36200BDDFEE /* PopMenuTest2.swift in Sources */,
			);
			runOnlyForDeploymentPostprocessing = 0;
		};
		371897111F39778700BDDFEE /* Sources */ = {
			isa = PBXSourcesBuildPhase;
			buildActionMask = 2147483647;
			files = (
				3718971A1F39778700BDDFEE /* PopMenuDemoTests.swift in Sources */,
			);
			runOnlyForDeploymentPostprocessing = 0;
		};
		3718971C1F39778700BDDFEE /* Sources */ = {
			isa = PBXSourcesBuildPhase;
			buildActionMask = 2147483647;
			files = (
				371897251F39778700BDDFEE /* PopMenuDemoUITests.swift in Sources */,
			);
			runOnlyForDeploymentPostprocessing = 0;
		};
/* End PBXSourcesBuildPhase section */

/* Begin PBXTargetDependency section */
		371897171F39778700BDDFEE /* PBXTargetDependency */ = {
			isa = PBXTargetDependency;
			target = 371897001F39778600BDDFEE /* PopMenuDemo */;
			targetProxy = 371897161F39778700BDDFEE /* PBXContainerItemProxy */;
		};
		371897221F39778700BDDFEE /* PBXTargetDependency */ = {
			isa = PBXTargetDependency;
			target = 371897001F39778600BDDFEE /* PopMenuDemo */;
			targetProxy = 371897211F39778700BDDFEE /* PBXContainerItemProxy */;
		};
/* End PBXTargetDependency section */

/* Begin PBXVariantGroup section */
		371897381F39781A00BDDFEE /* LaunchScreen.storyboard */ = {
			isa = PBXVariantGroup;
			children = (
				371897391F39781A00BDDFEE /* Base */,
			);
			name = LaunchScreen.storyboard;
			sourceTree = "<group>";
		};
		3718973A1F39781A00BDDFEE /* Main.storyboard */ = {
			isa = PBXVariantGroup;
			children = (
				3718973B1F39781A00BDDFEE /* Base */,
			);
			name = Main.storyboard;
			sourceTree = "<group>";
		};
/* End PBXVariantGroup section */

/* Begin XCBuildConfiguration section */
		371897271F39778700BDDFEE /* Debug */ = {
			isa = XCBuildConfiguration;
			buildSettings = {
				ALWAYS_SEARCH_USER_PATHS = NO;
				CLANG_ANALYZER_NONNULL = YES;
				CLANG_ANALYZER_NUMBER_OBJECT_CONVERSION = YES_AGGRESSIVE;
				CLANG_CXX_LANGUAGE_STANDARD = "gnu++0x";
				CLANG_CXX_LIBRARY = "libc++";
				CLANG_ENABLE_MODULES = YES;
				CLANG_ENABLE_OBJC_ARC = YES;
				CLANG_WARN_BOOL_CONVERSION = YES;
				CLANG_WARN_CONSTANT_CONVERSION = YES;
				CLANG_WARN_DIRECT_OBJC_ISA_USAGE = YES_ERROR;
				CLANG_WARN_DOCUMENTATION_COMMENTS = YES;
				CLANG_WARN_EMPTY_BODY = YES;
				CLANG_WARN_ENUM_CONVERSION = YES;
				CLANG_WARN_INFINITE_RECURSION = YES;
				CLANG_WARN_INT_CONVERSION = YES;
				CLANG_WARN_OBJC_ROOT_CLASS = YES_ERROR;
				CLANG_WARN_SUSPICIOUS_MOVE = YES;
				CLANG_WARN_UNREACHABLE_CODE = YES;
				CLANG_WARN__DUPLICATE_METHOD_MATCH = YES;
				"CODE_SIGN_IDENTITY[sdk=iphoneos*]" = "iPhone Developer";
				COPY_PHASE_STRIP = NO;
				DEBUG_INFORMATION_FORMAT = dwarf;
				ENABLE_STRICT_OBJC_MSGSEND = YES;
				ENABLE_TESTABILITY = YES;
				GCC_C_LANGUAGE_STANDARD = gnu99;
				GCC_DYNAMIC_NO_PIC = NO;
				GCC_NO_COMMON_BLOCKS = YES;
				GCC_OPTIMIZATION_LEVEL = 0;
				GCC_PREPROCESSOR_DEFINITIONS = (
					"DEBUG=1",
					"$(inherited)",
				);
				GCC_WARN_64_TO_32_BIT_CONVERSION = YES;
				GCC_WARN_ABOUT_RETURN_TYPE = YES_ERROR;
				GCC_WARN_UNDECLARED_SELECTOR = YES;
				GCC_WARN_UNINITIALIZED_AUTOS = YES_AGGRESSIVE;
				GCC_WARN_UNUSED_FUNCTION = YES;
				GCC_WARN_UNUSED_VARIABLE = YES;
				IPHONEOS_DEPLOYMENT_TARGET = 10.3;
				MTL_ENABLE_DEBUG_INFO = YES;
				ONLY_ACTIVE_ARCH = YES;
				SDKROOT = iphoneos;
				SWIFT_ACTIVE_COMPILATION_CONDITIONS = DEBUG;
				SWIFT_OPTIMIZATION_LEVEL = "-Onone";
				TARGETED_DEVICE_FAMILY = "1,2";
			};
			name = Debug;
		};
		371897281F39778700BDDFEE /* Release */ = {
			isa = XCBuildConfiguration;
			buildSettings = {
				ALWAYS_SEARCH_USER_PATHS = NO;
				CLANG_ANALYZER_NONNULL = YES;
				CLANG_ANALYZER_NUMBER_OBJECT_CONVERSION = YES_AGGRESSIVE;
				CLANG_CXX_LANGUAGE_STANDARD = "gnu++0x";
				CLANG_CXX_LIBRARY = "libc++";
				CLANG_ENABLE_MODULES = YES;
				CLANG_ENABLE_OBJC_ARC = YES;
				CLANG_WARN_BOOL_CONVERSION = YES;
				CLANG_WARN_CONSTANT_CONVERSION = YES;
				CLANG_WARN_DIRECT_OBJC_ISA_USAGE = YES_ERROR;
				CLANG_WARN_DOCUMENTATION_COMMENTS = YES;
				CLANG_WARN_EMPTY_BODY = YES;
				CLANG_WARN_ENUM_CONVERSION = YES;
				CLANG_WARN_INFINITE_RECURSION = YES;
				CLANG_WARN_INT_CONVERSION = YES;
				CLANG_WARN_OBJC_ROOT_CLASS = YES_ERROR;
				CLANG_WARN_SUSPICIOUS_MOVE = YES;
				CLANG_WARN_UNREACHABLE_CODE = YES;
				CLANG_WARN__DUPLICATE_METHOD_MATCH = YES;
				"CODE_SIGN_IDENTITY[sdk=iphoneos*]" = "iPhone Developer";
				COPY_PHASE_STRIP = NO;
				DEBUG_INFORMATION_FORMAT = "dwarf-with-dsym";
				ENABLE_NS_ASSERTIONS = NO;
				ENABLE_STRICT_OBJC_MSGSEND = YES;
				GCC_C_LANGUAGE_STANDARD = gnu99;
				GCC_NO_COMMON_BLOCKS = YES;
				GCC_WARN_64_TO_32_BIT_CONVERSION = YES;
				GCC_WARN_ABOUT_RETURN_TYPE = YES_ERROR;
				GCC_WARN_UNDECLARED_SELECTOR = YES;
				GCC_WARN_UNINITIALIZED_AUTOS = YES_AGGRESSIVE;
				GCC_WARN_UNUSED_FUNCTION = YES;
				GCC_WARN_UNUSED_VARIABLE = YES;
				IPHONEOS_DEPLOYMENT_TARGET = 10.3;
				MTL_ENABLE_DEBUG_INFO = NO;
				SDKROOT = iphoneos;
				SWIFT_OPTIMIZATION_LEVEL = "-Owholemodule";
				TARGETED_DEVICE_FAMILY = "1,2";
				VALIDATE_PRODUCT = YES;
			};
			name = Release;
		};
		3718972A1F39778700BDDFEE /* Debug */ = {
			isa = XCBuildConfiguration;
			baseConfigurationReference = 92F69F098EC62034F9A56F19 /* Pods-PopMenuDemo.debug.xcconfig */;
			buildSettings = {
				ASSETCATALOG_COMPILER_APPICON_NAME = AppIcon;
				DEVELOPMENT_TEAM = LG37524TU4;
				INFOPLIST_FILE = PopMenuDemo/Info.plist;
				LD_RUNPATH_SEARCH_PATHS = "$(inherited) @executable_path/Frameworks";
				PRODUCT_BUNDLE_IDENTIFIER = Weida.PopMenuDemo;
				PRODUCT_NAME = "$(TARGET_NAME)";
				SWIFT_VERSION = 3.0;
			};
			name = Debug;
		};
		3718972B1F39778700BDDFEE /* Release */ = {
			isa = XCBuildConfiguration;
			baseConfigurationReference = F7AF9B2F0CC91AD978B19F66 /* Pods-PopMenuDemo.release.xcconfig */;
			buildSettings = {
				ASSETCATALOG_COMPILER_APPICON_NAME = AppIcon;
				DEVELOPMENT_TEAM = LG37524TU4;
				INFOPLIST_FILE = PopMenuDemo/Info.plist;
				LD_RUNPATH_SEARCH_PATHS = "$(inherited) @executable_path/Frameworks";
				PRODUCT_BUNDLE_IDENTIFIER = Weida.PopMenuDemo;
				PRODUCT_NAME = "$(TARGET_NAME)";
				SWIFT_VERSION = 3.0;
			};
			name = Release;
		};
		3718972D1F39778700BDDFEE /* Debug */ = {
			isa = XCBuildConfiguration;
			buildSettings = {
				ALWAYS_EMBED_SWIFT_STANDARD_LIBRARIES = YES;
				BUNDLE_LOADER = "$(TEST_HOST)";
				DEVELOPMENT_TEAM = LG37524TU4;
				INFOPLIST_FILE = PopMenuDemoTests/Info.plist;
				LD_RUNPATH_SEARCH_PATHS = "$(inherited) @executable_path/Frameworks @loader_path/Frameworks";
				PRODUCT_BUNDLE_IDENTIFIER = Weida.PopMenuDemoTests;
				PRODUCT_NAME = "$(TARGET_NAME)";
				SWIFT_VERSION = 3.0;
				TEST_HOST = "$(BUILT_PRODUCTS_DIR)/PopMenuDemo.app/PopMenuDemo";
			};
			name = Debug;
		};
		3718972E1F39778700BDDFEE /* Release */ = {
			isa = XCBuildConfiguration;
			buildSettings = {
				ALWAYS_EMBED_SWIFT_STANDARD_LIBRARIES = YES;
				BUNDLE_LOADER = "$(TEST_HOST)";
				DEVELOPMENT_TEAM = LG37524TU4;
				INFOPLIST_FILE = PopMenuDemoTests/Info.plist;
				LD_RUNPATH_SEARCH_PATHS = "$(inherited) @executable_path/Frameworks @loader_path/Frameworks";
				PRODUCT_BUNDLE_IDENTIFIER = Weida.PopMenuDemoTests;
				PRODUCT_NAME = "$(TARGET_NAME)";
				SWIFT_VERSION = 3.0;
				TEST_HOST = "$(BUILT_PRODUCTS_DIR)/PopMenuDemo.app/PopMenuDemo";
			};
			name = Release;
		};
		371897301F39778700BDDFEE /* Debug */ = {
			isa = XCBuildConfiguration;
			buildSettings = {
				ALWAYS_EMBED_SWIFT_STANDARD_LIBRARIES = YES;
				DEVELOPMENT_TEAM = LG37524TU4;
				INFOPLIST_FILE = PopMenuDemoUITests/Info.plist;
				LD_RUNPATH_SEARCH_PATHS = "$(inherited) @executable_path/Frameworks @loader_path/Frameworks";
				PRODUCT_BUNDLE_IDENTIFIER = Weida.PopMenuDemoUITests;
				PRODUCT_NAME = "$(TARGET_NAME)";
				SWIFT_VERSION = 3.0;
				TEST_TARGET_NAME = PopMenuDemo;
			};
			name = Debug;
		};
		371897311F39778700BDDFEE /* Release */ = {
			isa = XCBuildConfiguration;
			buildSettings = {
				ALWAYS_EMBED_SWIFT_STANDARD_LIBRARIES = YES;
				DEVELOPMENT_TEAM = LG37524TU4;
				INFOPLIST_FILE = PopMenuDemoUITests/Info.plist;
				LD_RUNPATH_SEARCH_PATHS = "$(inherited) @executable_path/Frameworks @loader_path/Frameworks";
				PRODUCT_BUNDLE_IDENTIFIER = Weida.PopMenuDemoUITests;
				PRODUCT_NAME = "$(TARGET_NAME)";
				SWIFT_VERSION = 3.0;
				TEST_TARGET_NAME = PopMenuDemo;
			};
			name = Release;
		};
/* End XCBuildConfiguration section */

/* Begin XCConfigurationList section */
		371896FC1F39778600BDDFEE /* Build configuration list for PBXProject "PopMenuDemo" */ = {
			isa = XCConfigurationList;
			buildConfigurations = (
				371897271F39778700BDDFEE /* Debug */,
				371897281F39778700BDDFEE /* Release */,
			);
			defaultConfigurationIsVisible = 0;
			defaultConfigurationName = Release;
		};
		371897291F39778700BDDFEE /* Build configuration list for PBXNativeTarget "PopMenuDemo" */ = {
			isa = XCConfigurationList;
			buildConfigurations = (
				3718972A1F39778700BDDFEE /* Debug */,
				3718972B1F39778700BDDFEE /* Release */,
			);
			defaultConfigurationIsVisible = 0;
			defaultConfigurationName = Release;
		};
		3718972C1F39778700BDDFEE /* Build configuration list for PBXNativeTarget "PopMenuDemoTests" */ = {
			isa = XCConfigurationList;
			buildConfigurations = (
				3718972D1F39778700BDDFEE /* Debug */,
				3718972E1F39778700BDDFEE /* Release */,
			);
			defaultConfigurationIsVisible = 0;
			defaultConfigurationName = Release;
		};
		3718972F1F39778700BDDFEE /* Build configuration list for PBXNativeTarget "PopMenuDemoUITests" */ = {
			isa = XCConfigurationList;
			buildConfigurations = (
				371897301F39778700BDDFEE /* Debug */,
				371897311F39778700BDDFEE /* Release */,
			);
			defaultConfigurationIsVisible = 0;
			defaultConfigurationName = Release;
		};
/* End XCConfigurationList section */
	};
	rootObject = 371896F91F39778600BDDFEE /* Project object */;
}
